{
  "object": {
    "pins": [
      {
        "package": "PerformanceBezier",
        "repositoryURL": "https://github.com/adamwulf/PerformanceBezier.git",
        "state": {
          "branch": "main",
          "revision": "2b15a68bd2837f8636501985e60e3399a2d15a86",
          "version": null
        }
      }
    ]
  },
  "version": 1
}
