{
  "object": {
    "pins": [
      {
        "package": "PerformanceBezier",
        "repositoryURL": "https://github.com/adamwulf/PerformanceBezier.git",
        "state": {
          "branch": "muse",
          "revision": "4bef5e65226da1587a8f0ee407c28a71e09d60cd",
          "version": null
        }
      }
    ]
  },
  "version": 1
}
