PODS:
  - ClippingBezier (1.2.1):
    - PerformanceBezier (~> 1.3)
  - PerformanceBezier (1.3.0)

DEPENDENCIES:
  - ClippingBezier (from `.`)
  - PerformanceBezier (~> 1.1)

SPEC REPOS:
  trunk:
    - PerformanceBezier

EXTERNAL SOURCES:
  ClippingBezier:
    :path: "."

SPEC CHECKSUMS:
  ClippingBezier: 569c90e49bcdcf0a4295fb09efc85f6c9990e5a5
  PerformanceBezier: ecb6f0cb8257b6794a0d5ab53a6ff7437d6dca3c

PODFILE CHECKSUM: a9378e03d081284a33fc07dec462c79ee1c882ce

COCOAPODS: 1.10.1
