PODS:
  - ClippingBezier (1.1.3):
    - PerformanceBezier (~> 1.0.11)
  - PerformanceBezier (1.0.28)

DEPENDENCIES:
  - ClippingBezier (from `.`)
  - PerformanceBezier (~> 1.0)

SPEC REPOS:
  trunk:
    - PerformanceBezier

EXTERNAL SOURCES:
  ClippingBezier:
    :path: "."

SPEC CHECKSUMS:
  ClippingBezier: ca442906d6eee77fbe5224e1328ad4cf9c1027de
  PerformanceBezier: 52e3b52cf9c6a3c9e545cc55bf09600b900016ff

PODFILE CHECKSUM: 0a4a9e992358239f10efc21bf58e74be000cba86

COCOAPODS: 1.10.0
