PODS:
  - ClippingBezier (1.1.2):
    - PerformanceBezier (~> 1.0.11)
  - PerformanceBezier (1.0.11)

DEPENDENCIES:
  - ClippingBezier (from `.`)

SPEC REPOS:
  trunk:
    - PerformanceBezier

EXTERNAL SOURCES:
  ClippingBezier:
    :path: "."

SPEC CHECKSUMS:
  ClippingBezier: 8dead7b1dda458e067308ec8d19486e2bc5f5142
  PerformanceBezier: 91e7bc556b01ed4912cea63a58d53b386685c967

PODFILE CHECKSUM: bef3d2965b7045e10cf30938f5078aa6821711cb

COCOAPODS: 1.10.0
