// !$*UTF8*$!
{
	archiveVersion = 1;
	classes = {
	};
	objectVersion = 46;
	objects = {

/* Begin PBXBuildFile section */
		6605F6E81B11250D0092991F /* GraphicsGems.license in Resources */ = {isa = PBXBuildFile; fileRef = 6605F6E71B11250D0092991F /* GraphicsGems.license */; };
		6605F9EE1B11259F0092991F /* lib2geom.license in Resources */ = {isa = PBXBuildFile; fileRef = 6605F9ED1B11259F0092991F /* lib2geom.license */; };
		6605F9F01B1125D60092991F /* JRSwizzle.license in Resources */ = {isa = PBXBuildFile; fileRef = 6605F9EF1B1125D60092991F /* JRSwizzle.license */; };
		6605F9F21B1125FC0092991F /* BaseGFX.license in Resources */ = {isa = PBXBuildFile; fileRef = 6605F9F11B1125FC0092991F /* BaseGFX.license */; };
		6605F9F41B112D0E0092991F /* utils.h in Headers */ = {isa = PBXBuildFile; fileRef = 6605F9F31B112D0E0092991F /* utils.h */; };
		6605F9F71B11328B0092991F /* bezier-clipping.mm in Sources */ = {isa = PBXBuildFile; fileRef = 6605F9F61B11328B0092991F /* bezier-clipping.mm */; };
		6605FA061B1159640092991F /* main.m in Sources */ = {isa = PBXBuildFile; fileRef = 6605FA051B1159640092991F /* main.m */; };
		6605FA091B1159640092991F /* AppDelegate.m in Sources */ = {isa = PBXBuildFile; fileRef = 6605FA081B1159640092991F /* AppDelegate.m */; };
		6605FA0C1B1159640092991F /* ViewController.m in Sources */ = {isa = PBXBuildFile; fileRef = 6605FA0B1B1159640092991F /* ViewController.m */; };
		6605FA0F1B1159640092991F /* Main.storyboard in Resources */ = {isa = PBXBuildFile; fileRef = 6605FA0D1B1159640092991F /* Main.storyboard */; };
		6605FA111B1159640092991F /* Images.xcassets in Resources */ = {isa = PBXBuildFile; fileRef = 6605FA101B1159640092991F /* Images.xcassets */; };
		6605FA141B1159640092991F /* LaunchScreen.xib in Resources */ = {isa = PBXBuildFile; fileRef = 6605FA121B1159640092991F /* LaunchScreen.xib */; };
		6605FA291B1159AC0092991F /* MMClipView.m in Sources */ = {isa = PBXBuildFile; fileRef = 6605FA281B1159AC0092991F /* MMClipView.m */; };
		6605FA2A1B1159D10092991F /* ClippingBezier.framework in Frameworks */ = {isa = PBXBuildFile; fileRef = 66AFACE71A8DDCA200FD0263 /* ClippingBezier.framework */; };
		6605FA2C1B1159D50092991F /* PerformanceBezier.framework in Frameworks */ = {isa = PBXBuildFile; fileRef = 6605FA2B1B1159D50092991F /* PerformanceBezier.framework */; };
		664A487E1AFEF23F00DE634E /* point.cpp in Sources */ = {isa = PBXBuildFile; fileRef = 664A487D1AFEF23F00DE634E /* point.cpp */; };
		664A48821AFEF26200DE634E /* matrix.cpp in Sources */ = {isa = PBXBuildFile; fileRef = 664A48801AFEF26200DE634E /* matrix.cpp */; };
		664A48831AFEF26200DE634E /* matrix.h in Headers */ = {isa = PBXBuildFile; fileRef = 664A48811AFEF26200DE634E /* matrix.h */; };
		664A48861AFEF26E00DE634E /* transforms.cpp in Sources */ = {isa = PBXBuildFile; fileRef = 664A48841AFEF26E00DE634E /* transforms.cpp */; };
		664A48871AFEF26E00DE634E /* transforms.h in Headers */ = {isa = PBXBuildFile; fileRef = 664A48851AFEF26E00DE634E /* transforms.h */; };
		664A48901AFEF39800DE634E /* BezierUtilsLicense in Resources */ = {isa = PBXBuildFile; fileRef = 664A488F1AFEF39800DE634E /* BezierUtilsLicense */; };
		665E8D481B0D2366009E32FC /* UIBezierPath+Ahmed.h in Headers */ = {isa = PBXBuildFile; fileRef = 665E8D461B0D2365009E32FC /* UIBezierPath+Ahmed.h */; settings = {ATTRIBUTES = (Public, ); }; };
		665E8D491B0D2366009E32FC /* UIBezierPath+Ahmed.m in Sources */ = {isa = PBXBuildFile; fileRef = 665E8D471B0D2365009E32FC /* UIBezierPath+Ahmed.m */; settings = {COMPILER_FLAGS = "-fno-objc-arc"; }; };
		665E8D4B1B0D2688009E32FC /* MMClippingBezierTrimmingTests.m in Sources */ = {isa = PBXBuildFile; fileRef = 665E8D4A1B0D2688009E32FC /* MMClippingBezierTrimmingTests.m */; };
		665E8D4C1B0D273F009E32FC /* ClippingBezier.framework in Frameworks */ = {isa = PBXBuildFile; fileRef = 66AFACE71A8DDCA200FD0263 /* ClippingBezier.framework */; };
		6665F9F81A8EC72F0071F9B9 /* ClippingBezier-Info.plist in Resources */ = {isa = PBXBuildFile; fileRef = 6665F9F61A8EC72F0071F9B9 /* ClippingBezier-Info.plist */; };
		666EEC271A8D8F7500B9F171 /* MMClippingBezierAOOTests.m in Sources */ = {isa = PBXBuildFile; fileRef = 66FD53141A894C7A00E7B486 /* MMClippingBezierAOOTests.m */; };
		666EEC291A8D8F7500B9F171 /* MMClippingBezierAbstractTest.m in Sources */ = {isa = PBXBuildFile; fileRef = 66FD53161A894C7A00E7B486 /* MMClippingBezierAbstractTest.m */; };
		666EEC2A1A8D8F7500B9F171 /* MMClippingBezierIntersectionTests.m in Sources */ = {isa = PBXBuildFile; fileRef = 66FD53171A894C7A00E7B486 /* MMClippingBezierIntersectionTests.m */; };
		666EEC2B1A8D8F7500B9F171 /* MMClippingBezierSegmentTests.m in Sources */ = {isa = PBXBuildFile; fileRef = 66FD53181A894C7A00E7B486 /* MMClippingBezierSegmentTests.m */; };
		666EEC2C1A8D8F7500B9F171 /* MMClippingBezierSegmentTangentTests.m in Sources */ = {isa = PBXBuildFile; fileRef = 66FD53191A894C7A00E7B486 /* MMClippingBezierSegmentTangentTests.m */; };
		666EEC2D1A8D8F7500B9F171 /* MMClippingBezierPerformanceTests.m in Sources */ = {isa = PBXBuildFile; fileRef = 66FD531A1A894C7A00E7B486 /* MMClippingBezierPerformanceTests.m */; };
		666EEC2E1A8D8F7500B9F171 /* MMClippingBezierSubshapeTests.m in Sources */ = {isa = PBXBuildFile; fileRef = 66FD531B1A894C7A00E7B486 /* MMClippingBezierSubshapeTests.m */; };
		666EEC2F1A8D8F7500B9F171 /* MMClippingBezierReversePathTests.m in Sources */ = {isa = PBXBuildFile; fileRef = 66FD531C1A894C7A00E7B486 /* MMClippingBezierReversePathTests.m */; };
		666EEC311A8D8F7500B9F171 /* MMClippingBezierFlatTests.m in Sources */ = {isa = PBXBuildFile; fileRef = 66FD531E1A894C7A00E7B486 /* MMClippingBezierFlatTests.m */; };
		666EEC341A8D910100B9F171 /* UIKit.framework in Frameworks */ = {isa = PBXBuildFile; fileRef = 66B9D1F51A8C2B1800CAC341 /* UIKit.framework */; };
		66767CB21AFED58200443B03 /* UIBezierPath+Trimming.h in Headers */ = {isa = PBXBuildFile; fileRef = 66767CB01AFED58200443B03 /* UIBezierPath+Trimming.h */; settings = {ATTRIBUTES = (Public, ); }; };
		66767CB31AFED58200443B03 /* UIBezierPath+Trimming.m in Sources */ = {isa = PBXBuildFile; fileRef = 66767CB11AFED58200443B03 /* UIBezierPath+Trimming.m */; };
		66767CB61AFED77400443B03 /* point.h in Headers */ = {isa = PBXBuildFile; fileRef = 66767CB51AFED77400443B03 /* point.h */; };
		66767CB81AFED78A00443B03 /* coord.h in Headers */ = {isa = PBXBuildFile; fileRef = 66767CB71AFED78A00443B03 /* coord.h */; };
		66767CC21AFEDA5000443B03 /* NearestPoint.c in Sources */ = {isa = PBXBuildFile; fileRef = 66767CC01AFEDA5000443B03 /* NearestPoint.c */; };
		66767CC31AFEDA5000443B03 /* NearestPoint.h in Headers */ = {isa = PBXBuildFile; fileRef = 66767CC11AFEDA5000443B03 /* NearestPoint.h */; };
		6696DEE51B2E318A00A2BC8E /* MMClippingBezierGeometryTest.m in Sources */ = {isa = PBXBuildFile; fileRef = 6696DEE41B2E318A00A2BC8E /* MMClippingBezierGeometryTest.m */; };
		66AFACE81A8DDCA200FD0263 /* Foundation.framework in Frameworks */ = {isa = PBXBuildFile; fileRef = 668287881A893CE50038A1C4 /* Foundation.framework */; };
		66AFACFA1A8DDD4400FD0263 /* DKUIBezierPathClippedSegment.m in Sources */ = {isa = PBXBuildFile; fileRef = 6682879B1A893DDD0038A1C4 /* DKUIBezierPathClippedSegment.m */; };
		66AFACFB1A8DDD4500FD0263 /* DKUIBezierPathClippingResult.m in Sources */ = {isa = PBXBuildFile; fileRef = 6682879D1A893DDD0038A1C4 /* DKUIBezierPathClippingResult.m */; };
		66AFACFC1A8DDD4800FD0263 /* DKUIBezierPathIntersectionPoint.m in Sources */ = {isa = PBXBuildFile; fileRef = 668287A01A893DDD0038A1C4 /* DKUIBezierPathIntersectionPoint.m */; };
		66AFACFD1A8DDD5000FD0263 /* DKUIBezierUnmatchedPathIntersectionPoint.m in Sources */ = {isa = PBXBuildFile; fileRef = 668287A21A893DDD0038A1C4 /* DKUIBezierUnmatchedPathIntersectionPoint.m */; };
		66AFACFE1A8DDD5200FD0263 /* DKUIBezierPathShape.m in Sources */ = {isa = PBXBuildFile; fileRef = 668287A41A893DDD0038A1C4 /* DKUIBezierPathShape.m */; };
		66AFACFF1A8DDD5400FD0263 /* DKTangentAtPoint.m in Sources */ = {isa = PBXBuildFile; fileRef = 668287A61A893DDD0038A1C4 /* DKTangentAtPoint.m */; };
		66AFAD011A8DDD5700FD0263 /* DKIntersectionOfPaths.m in Sources */ = {isa = PBXBuildFile; fileRef = 66FD53311A89546A00E7B486 /* DKIntersectionOfPaths.m */; };
		66AFAD021A8DDD5A00FD0263 /* NSArray+FirstObject.m in Sources */ = {isa = PBXBuildFile; fileRef = 66FD53011A894BA800E7B486 /* NSArray+FirstObject.m */; };
		66AFAD031A8DDD5C00FD0263 /* UIBezierPath+Intersections.m in Sources */ = {isa = PBXBuildFile; fileRef = 668288581A893F7E0038A1C4 /* UIBezierPath+Intersections.m */; };
		66AFAD041A8DDD5E00FD0263 /* UIBezierPath+DKOSX.m in Sources */ = {isa = PBXBuildFile; fileRef = 668288561A893F7E0038A1C4 /* UIBezierPath+DKOSX.m */; };
		66AFAD051A8DDD5F00FD0263 /* UIBezierPath+GeometryExtras.m in Sources */ = {isa = PBXBuildFile; fileRef = 668288541A893F7E0038A1C4 /* UIBezierPath+GeometryExtras.m */; };
		66AFAD061A8DDD6100FD0263 /* UIBezierPath+Clipping.mm in Sources */ = {isa = PBXBuildFile; fileRef = 668288521A893F7E0038A1C4 /* UIBezierPath+Clipping.mm */; };
		66AFAD071A8DDD6400FD0263 /* bezierclip.cxx in Sources */ = {isa = PBXBuildFile; fileRef = 668288161A893F200038A1C4 /* bezierclip.cxx */; };
		66AFAD081A8DDD6500FD0263 /* convexhull.cxx in Sources */ = {isa = PBXBuildFile; fileRef = 668288181A893F200038A1C4 /* convexhull.cxx */; };
		66AFAD091A8DDD6800FD0263 /* JRSwizzle.m in Sources */ = {isa = PBXBuildFile; fileRef = 668288451A893F5A0038A1C4 /* JRSwizzle.m */; };
		66AFAD0A1A8DDD6900FD0263 /* MMBackwardCompatible.m in Sources */ = {isa = PBXBuildFile; fileRef = 668288471A893F5A0038A1C4 /* MMBackwardCompatible.m */; };
		66AFAD0B1A8DDD6C00FD0263 /* DKVector.m in Sources */ = {isa = PBXBuildFile; fileRef = 668288121A893F060038A1C4 /* DKVector.m */; };
		66AFAD0C1A8DDD7100FD0263 /* ClippingBezier.h in Headers */ = {isa = PBXBuildFile; fileRef = 662D40C31A8D862600A1CB63 /* ClippingBezier.h */; settings = {ATTRIBUTES = (Public, ); }; };
		66AFAD0D1A8DDD7300FD0263 /* JRSwizzle.h in Headers */ = {isa = PBXBuildFile; fileRef = 668288441A893F5A0038A1C4 /* JRSwizzle.h */; settings = {ATTRIBUTES = (Public, ); }; };
		66AFAD0E1A8DDD7500FD0263 /* MMBackwardCompatible.h in Headers */ = {isa = PBXBuildFile; fileRef = 668288461A893F5A0038A1C4 /* MMBackwardCompatible.h */; settings = {ATTRIBUTES = (Public, ); }; };
		66AFAD0F1A8DDD7800FD0263 /* UIBezierPath+Clipping.h in Headers */ = {isa = PBXBuildFile; fileRef = 668288501A893F7E0038A1C4 /* UIBezierPath+Clipping.h */; settings = {ATTRIBUTES = (Public, ); }; };
		66AFAD101A8DDD7A00FD0263 /* UIBezierPath+Clipping_Private.h in Headers */ = {isa = PBXBuildFile; fileRef = 668288511A893F7E0038A1C4 /* UIBezierPath+Clipping_Private.h */; settings = {ATTRIBUTES = (Public, ); }; };
		66AFAD111A8DDD7D00FD0263 /* UIBezierPath+GeometryExtras.h in Headers */ = {isa = PBXBuildFile; fileRef = 668288531A893F7E0038A1C4 /* UIBezierPath+GeometryExtras.h */; settings = {ATTRIBUTES = (Public, ); }; };
		66AFAD121A8DDD7E00FD0263 /* UIBezierPath+DKOSX.h in Headers */ = {isa = PBXBuildFile; fileRef = 668288551A893F7E0038A1C4 /* UIBezierPath+DKOSX.h */; settings = {ATTRIBUTES = (Public, ); }; };
		66AFAD131A8DDD8000FD0263 /* UIBezierPath+Intersections.h in Headers */ = {isa = PBXBuildFile; fileRef = 668288571A893F7E0038A1C4 /* UIBezierPath+Intersections.h */; settings = {ATTRIBUTES = (Public, ); }; };
		66AFAD141A8DDD8100FD0263 /* NSArray+FirstObject.h in Headers */ = {isa = PBXBuildFile; fileRef = 66FD53001A894BA800E7B486 /* NSArray+FirstObject.h */; settings = {ATTRIBUTES = (Public, ); }; };
		66AFAD151A8DDD8300FD0263 /* DKUIBezierPathClippedSegment.h in Headers */ = {isa = PBXBuildFile; fileRef = 6682879A1A893DDD0038A1C4 /* DKUIBezierPathClippedSegment.h */; settings = {ATTRIBUTES = (Public, ); }; };
		66AFAD161A8DDD8500FD0263 /* DKUIBezierPathClippingResult.h in Headers */ = {isa = PBXBuildFile; fileRef = 6682879C1A893DDD0038A1C4 /* DKUIBezierPathClippingResult.h */; settings = {ATTRIBUTES = (Public, ); }; };
		66AFAD171A8DDD8600FD0263 /* DKUIBezierPathIntersectionPoint.h in Headers */ = {isa = PBXBuildFile; fileRef = 6682879E1A893DDD0038A1C4 /* DKUIBezierPathIntersectionPoint.h */; settings = {ATTRIBUTES = (Public, ); }; };
		66AFAD181A8DDD8800FD0263 /* DKUIBezierPathIntersectionPoint+Private.h in Headers */ = {isa = PBXBuildFile; fileRef = 6682879F1A893DDD0038A1C4 /* DKUIBezierPathIntersectionPoint+Private.h */; };
		66AFAD191A8DDD8A00FD0263 /* DKUIBezierUnmatchedPathIntersectionPoint.h in Headers */ = {isa = PBXBuildFile; fileRef = 668287A11A893DDD0038A1C4 /* DKUIBezierUnmatchedPathIntersectionPoint.h */; settings = {ATTRIBUTES = (Public, ); }; };
		66AFAD1A1A8DDD8D00FD0263 /* DKUIBezierPathShape.h in Headers */ = {isa = PBXBuildFile; fileRef = 668287A31A893DDD0038A1C4 /* DKUIBezierPathShape.h */; settings = {ATTRIBUTES = (Public, ); }; };
		66AFAD1B1A8DDD8F00FD0263 /* DKTangentAtPoint.h in Headers */ = {isa = PBXBuildFile; fileRef = 668287A51A893DDD0038A1C4 /* DKTangentAtPoint.h */; settings = {ATTRIBUTES = (Public, ); }; };
		66AFAD1D1A8DDD9200FD0263 /* DKIntersectionOfPaths.h in Headers */ = {isa = PBXBuildFile; fileRef = 66FD53301A89546A00E7B486 /* DKIntersectionOfPaths.h */; settings = {ATTRIBUTES = (Public, ); }; };
		66AFAD211A8DDDEF00FD0263 /* PerformanceBezier.framework in Frameworks */ = {isa = PBXBuildFile; fileRef = 66AFAD1F1A8DDDEF00FD0263 /* PerformanceBezier.framework */; };
		66AFAD261A8DDE9700FD0263 /* PerformanceBezier.framework in Frameworks */ = {isa = PBXBuildFile; fileRef = 66AFAD241A8DDE9700FD0263 /* PerformanceBezier.framework */; };
		66AFAD4A1A8DE13F00FD0263 /* DKVector.h in Headers */ = {isa = PBXBuildFile; fileRef = 668288111A893F060038A1C4 /* DKVector.h */; settings = {ATTRIBUTES = (Public, ); }; };
/* End PBXBuildFile section */

/* Begin PBXFileReference section */
		6605F6E71B11250D0092991F /* GraphicsGems.license */ = {isa = PBXFileReference; fileEncoding = 4; lastKnownFileType = text; path = GraphicsGems.license; sourceTree = "<group>"; };
		6605F9ED1B11259F0092991F /* lib2geom.license */ = {isa = PBXFileReference; fileEncoding = 4; lastKnownFileType = text; path = lib2geom.license; sourceTree = "<group>"; };
		6605F9EF1B1125D60092991F /* JRSwizzle.license */ = {isa = PBXFileReference; fileEncoding = 4; lastKnownFileType = text; path = JRSwizzle.license; sourceTree = "<group>"; };
		6605F9F11B1125FC0092991F /* BaseGFX.license */ = {isa = PBXFileReference; fileEncoding = 4; lastKnownFileType = text; path = BaseGFX.license; sourceTree = "<group>"; };
		6605F9F31B112D0E0092991F /* utils.h */ = {isa = PBXFileReference; fileEncoding = 4; lastKnownFileType = sourcecode.c.h; path = utils.h; sourceTree = "<group>"; };
		6605F9F61B11328B0092991F /* bezier-clipping.mm */ = {isa = PBXFileReference; fileEncoding = 4; lastKnownFileType = sourcecode.cpp.objcpp; path = "bezier-clipping.mm"; sourceTree = "<group>"; };
		6605F9FC1B11362F0092991F /* bezier-clipping.h */ = {isa = PBXFileReference; lastKnownFileType = sourcecode.c.h; path = "bezier-clipping.h"; sourceTree = "<group>"; };
		6605FA011B1159640092991F /* ClippingExampleApp.app */ = {isa = PBXFileReference; explicitFileType = wrapper.application; includeInIndex = 0; path = ClippingExampleApp.app; sourceTree = BUILT_PRODUCTS_DIR; };
		6605FA041B1159640092991F /* Info.plist */ = {isa = PBXFileReference; lastKnownFileType = text.plist.xml; path = Info.plist; sourceTree = "<group>"; };
		6605FA051B1159640092991F /* main.m */ = {isa = PBXFileReference; lastKnownFileType = sourcecode.c.objc; path = main.m; sourceTree = "<group>"; };
		6605FA071B1159640092991F /* AppDelegate.h */ = {isa = PBXFileReference; lastKnownFileType = sourcecode.c.h; path = AppDelegate.h; sourceTree = "<group>"; };
		6605FA081B1159640092991F /* AppDelegate.m */ = {isa = PBXFileReference; lastKnownFileType = sourcecode.c.objc; path = AppDelegate.m; sourceTree = "<group>"; };
		6605FA0A1B1159640092991F /* ViewController.h */ = {isa = PBXFileReference; lastKnownFileType = sourcecode.c.h; path = ViewController.h; sourceTree = "<group>"; };
		6605FA0B1B1159640092991F /* ViewController.m */ = {isa = PBXFileReference; lastKnownFileType = sourcecode.c.objc; path = ViewController.m; sourceTree = "<group>"; };
		6605FA0E1B1159640092991F /* Base */ = {isa = PBXFileReference; lastKnownFileType = file.storyboard; name = Base; path = Base.lproj/Main.storyboard; sourceTree = "<group>"; };
		6605FA101B1159640092991F /* Images.xcassets */ = {isa = PBXFileReference; lastKnownFileType = folder.assetcatalog; path = Images.xcassets; sourceTree = "<group>"; };
		6605FA131B1159640092991F /* Base */ = {isa = PBXFileReference; lastKnownFileType = file.xib; name = Base; path = Base.lproj/LaunchScreen.xib; sourceTree = "<group>"; };
		6605FA271B1159AC0092991F /* MMClipView.h */ = {isa = PBXFileReference; fileEncoding = 4; lastKnownFileType = sourcecode.c.h; path = MMClipView.h; sourceTree = "<group>"; };
		6605FA281B1159AC0092991F /* MMClipView.m */ = {isa = PBXFileReference; fileEncoding = 4; lastKnownFileType = sourcecode.c.objc; path = MMClipView.m; sourceTree = "<group>"; };
		6605FA2B1B1159D50092991F /* PerformanceBezier.framework */ = {isa = PBXFileReference; lastKnownFileType = wrapper.framework; name = PerformanceBezier.framework; path = "Submodules/PerformanceBezier/build/Debug-iphoneos/PerformanceBezier.framework"; sourceTree = "<group>"; };
		662D40C31A8D862600A1CB63 /* ClippingBezier.h */ = {isa = PBXFileReference; lastKnownFileType = sourcecode.c.h; path = ClippingBezier.h; sourceTree = "<group>"; };
		662D40CB1A8D862600A1CB63 /* ClippingBezierTests.xctest */ = {isa = PBXFileReference; explicitFileType = wrapper.cfbundle; includeInIndex = 0; path = ClippingBezierTests.xctest; sourceTree = BUILT_PRODUCTS_DIR; };
		662D40D11A8D862600A1CB63 /* Info.plist */ = {isa = PBXFileReference; lastKnownFileType = text.plist.xml; path = Info.plist; sourceTree = "<group>"; };
		664A487D1AFEF23F00DE634E /* point.cpp */ = {isa = PBXFileReference; fileEncoding = 4; lastKnownFileType = sourcecode.cpp.cpp; path = point.cpp; sourceTree = "<group>"; };
		664A487F1AFEF25500DE634E /* isnan.h */ = {isa = PBXFileReference; lastKnownFileType = sourcecode.c.h; path = isnan.h; sourceTree = "<group>"; };
		664A48801AFEF26200DE634E /* matrix.cpp */ = {isa = PBXFileReference; fileEncoding = 4; lastKnownFileType = sourcecode.cpp.cpp; path = matrix.cpp; sourceTree = "<group>"; };
		664A48811AFEF26200DE634E /* matrix.h */ = {isa = PBXFileReference; fileEncoding = 4; lastKnownFileType = sourcecode.c.h; path = matrix.h; sourceTree = "<group>"; };
		664A48841AFEF26E00DE634E /* transforms.cpp */ = {isa = PBXFileReference; fileEncoding = 4; lastKnownFileType = sourcecode.cpp.cpp; path = transforms.cpp; sourceTree = "<group>"; };
		664A48851AFEF26E00DE634E /* transforms.h */ = {isa = PBXFileReference; fileEncoding = 4; lastKnownFileType = sourcecode.c.h; path = transforms.h; sourceTree = "<group>"; };
		664A488F1AFEF39800DE634E /* BezierUtilsLicense */ = {isa = PBXFileReference; fileEncoding = 4; lastKnownFileType = text; path = BezierUtilsLicense; sourceTree = "<group>"; };
		664A48921AFEF9E400DE634E /* bezier-utils.cpp */ = {isa = PBXFileReference; lastKnownFileType = sourcecode.cpp.cpp; path = "bezier-utils.cpp"; sourceTree = "<group>"; };
		664A48931AFEF9E400DE634E /* bezier-utils.h */ = {isa = PBXFileReference; lastKnownFileType = sourcecode.c.h; path = "bezier-utils.h"; sourceTree = "<group>"; };
		665E8D461B0D2365009E32FC /* UIBezierPath+Ahmed.h */ = {isa = PBXFileReference; fileEncoding = 4; lastKnownFileType = sourcecode.c.h; path = "UIBezierPath+Ahmed.h"; sourceTree = "<group>"; };
		665E8D471B0D2365009E32FC /* UIBezierPath+Ahmed.m */ = {isa = PBXFileReference; fileEncoding = 4; lastKnownFileType = sourcecode.c.objc; path = "UIBezierPath+Ahmed.m"; sourceTree = "<group>"; };
		665E8D4A1B0D2688009E32FC /* MMClippingBezierTrimmingTests.m */ = {isa = PBXFileReference; fileEncoding = 4; lastKnownFileType = sourcecode.c.objc; path = MMClippingBezierTrimmingTests.m; sourceTree = "<group>"; };
		6665F9F61A8EC72F0071F9B9 /* ClippingBezier-Info.plist */ = {isa = PBXFileReference; fileEncoding = 4; lastKnownFileType = text.plist.xml; path = "ClippingBezier-Info.plist"; sourceTree = "<group>"; };
		6665F9F71A8EC72F0071F9B9 /* Info.plist */ = {isa = PBXFileReference; fileEncoding = 4; lastKnownFileType = text.plist.xml; path = Info.plist; sourceTree = "<group>"; };
		66767CAC1AFEB8C600443B03 /* README.md */ = {isa = PBXFileReference; fileEncoding = 4; lastKnownFileType = net.daringfireball.markdown; path = README.md; sourceTree = "<group>"; };
		66767CB01AFED58200443B03 /* UIBezierPath+Trimming.h */ = {isa = PBXFileReference; fileEncoding = 4; lastKnownFileType = sourcecode.c.h; path = "UIBezierPath+Trimming.h"; sourceTree = "<group>"; };
		66767CB11AFED58200443B03 /* UIBezierPath+Trimming.m */ = {isa = PBXFileReference; fileEncoding = 4; lastKnownFileType = sourcecode.c.objc; path = "UIBezierPath+Trimming.m"; sourceTree = "<group>"; };
		66767CB51AFED77400443B03 /* point.h */ = {isa = PBXFileReference; fileEncoding = 4; lastKnownFileType = sourcecode.c.h; path = point.h; sourceTree = "<group>"; };
		66767CB71AFED78A00443B03 /* coord.h */ = {isa = PBXFileReference; fileEncoding = 4; lastKnownFileType = sourcecode.c.h; path = coord.h; sourceTree = "<group>"; };
		66767CC01AFEDA5000443B03 /* NearestPoint.c */ = {isa = PBXFileReference; fileEncoding = 4; lastKnownFileType = sourcecode.c.c; path = NearestPoint.c; sourceTree = "<group>"; };
		66767CC11AFEDA5000443B03 /* NearestPoint.h */ = {isa = PBXFileReference; fileEncoding = 4; lastKnownFileType = sourcecode.c.h; path = NearestPoint.h; sourceTree = "<group>"; };
		668287881A893CE50038A1C4 /* Foundation.framework */ = {isa = PBXFileReference; lastKnownFileType = wrapper.framework; name = Foundation.framework; path = /System/Library/Frameworks/Foundation.framework; sourceTree = "<absolute>"; };
		6682879A1A893DDD0038A1C4 /* DKUIBezierPathClippedSegment.h */ = {isa = PBXFileReference; fileEncoding = 4; lastKnownFileType = sourcecode.c.h; path = DKUIBezierPathClippedSegment.h; sourceTree = "<group>"; };
		6682879B1A893DDD0038A1C4 /* DKUIBezierPathClippedSegment.m */ = {isa = PBXFileReference; fileEncoding = 4; lastKnownFileType = sourcecode.c.objc; path = DKUIBezierPathClippedSegment.m; sourceTree = "<group>"; };
		6682879C1A893DDD0038A1C4 /* DKUIBezierPathClippingResult.h */ = {isa = PBXFileReference; fileEncoding = 4; lastKnownFileType = sourcecode.c.h; path = DKUIBezierPathClippingResult.h; sourceTree = "<group>"; };
		6682879D1A893DDD0038A1C4 /* DKUIBezierPathClippingResult.m */ = {isa = PBXFileReference; fileEncoding = 4; lastKnownFileType = sourcecode.c.objc; path = DKUIBezierPathClippingResult.m; sourceTree = "<group>"; };
		6682879E1A893DDD0038A1C4 /* DKUIBezierPathIntersectionPoint.h */ = {isa = PBXFileReference; fileEncoding = 4; lastKnownFileType = sourcecode.c.h; path = DKUIBezierPathIntersectionPoint.h; sourceTree = "<group>"; };
		6682879F1A893DDD0038A1C4 /* DKUIBezierPathIntersectionPoint+Private.h */ = {isa = PBXFileReference; fileEncoding = 4; lastKnownFileType = sourcecode.c.h; path = "DKUIBezierPathIntersectionPoint+Private.h"; sourceTree = "<group>"; };
		668287A01A893DDD0038A1C4 /* DKUIBezierPathIntersectionPoint.m */ = {isa = PBXFileReference; fileEncoding = 4; lastKnownFileType = sourcecode.c.objc; path = DKUIBezierPathIntersectionPoint.m; sourceTree = "<group>"; };
		668287A11A893DDD0038A1C4 /* DKUIBezierUnmatchedPathIntersectionPoint.h */ = {isa = PBXFileReference; fileEncoding = 4; lastKnownFileType = sourcecode.c.h; path = DKUIBezierUnmatchedPathIntersectionPoint.h; sourceTree = "<group>"; };
		668287A21A893DDD0038A1C4 /* DKUIBezierUnmatchedPathIntersectionPoint.m */ = {isa = PBXFileReference; fileEncoding = 4; lastKnownFileType = sourcecode.c.objc; path = DKUIBezierUnmatchedPathIntersectionPoint.m; sourceTree = "<group>"; };
		668287A31A893DDD0038A1C4 /* DKUIBezierPathShape.h */ = {isa = PBXFileReference; fileEncoding = 4; lastKnownFileType = sourcecode.c.h; path = DKUIBezierPathShape.h; sourceTree = "<group>"; };
		668287A41A893DDD0038A1C4 /* DKUIBezierPathShape.m */ = {isa = PBXFileReference; fileEncoding = 4; lastKnownFileType = sourcecode.c.objc; path = DKUIBezierPathShape.m; sourceTree = "<group>"; };
		668287A51A893DDD0038A1C4 /* DKTangentAtPoint.h */ = {isa = PBXFileReference; fileEncoding = 4; lastKnownFileType = sourcecode.c.h; path = DKTangentAtPoint.h; sourceTree = "<group>"; };
		668287A61A893DDD0038A1C4 /* DKTangentAtPoint.m */ = {isa = PBXFileReference; fileEncoding = 4; lastKnownFileType = sourcecode.c.objc; path = DKTangentAtPoint.m; sourceTree = "<group>"; };
		668287B41A893DE90038A1C4 /* interval.h */ = {isa = PBXFileReference; fileEncoding = 4; lastKnownFileType = sourcecode.c.h; path = interval.h; sourceTree = "<group>"; };
		668288111A893F060038A1C4 /* DKVector.h */ = {isa = PBXFileReference; fileEncoding = 4; lastKnownFileType = sourcecode.c.h; path = DKVector.h; sourceTree = "<group>"; };
		668288121A893F060038A1C4 /* DKVector.m */ = {isa = PBXFileReference; fileEncoding = 4; lastKnownFileType = sourcecode.c.objc; path = DKVector.m; sourceTree = "<group>"; };
		668288161A893F200038A1C4 /* bezierclip.cxx */ = {isa = PBXFileReference; fileEncoding = 4; lastKnownFileType = sourcecode.cpp.cpp; path = bezierclip.cxx; sourceTree = "<group>"; };
		668288171A893F200038A1C4 /* bezierclip.hxx */ = {isa = PBXFileReference; fileEncoding = 4; lastKnownFileType = sourcecode.cpp.h; path = bezierclip.hxx; sourceTree = "<group>"; };
		668288181A893F200038A1C4 /* convexhull.cxx */ = {isa = PBXFileReference; fileEncoding = 4; lastKnownFileType = sourcecode.cpp.cpp; path = convexhull.cxx; sourceTree = "<group>"; };
		668288191A893F200038A1C4 /* gauss.hxx */ = {isa = PBXFileReference; fileEncoding = 4; lastKnownFileType = sourcecode.cpp.h; path = gauss.hxx; sourceTree = "<group>"; };
		668288441A893F5A0038A1C4 /* JRSwizzle.h */ = {isa = PBXFileReference; fileEncoding = 4; lastKnownFileType = sourcecode.c.h; path = JRSwizzle.h; sourceTree = "<group>"; };
		668288451A893F5A0038A1C4 /* JRSwizzle.m */ = {isa = PBXFileReference; fileEncoding = 4; lastKnownFileType = sourcecode.c.objc; path = JRSwizzle.m; sourceTree = "<group>"; };
		668288461A893F5A0038A1C4 /* MMBackwardCompatible.h */ = {isa = PBXFileReference; fileEncoding = 4; lastKnownFileType = sourcecode.c.h; path = MMBackwardCompatible.h; sourceTree = "<group>"; };
		668288471A893F5A0038A1C4 /* MMBackwardCompatible.m */ = {isa = PBXFileReference; fileEncoding = 4; lastKnownFileType = sourcecode.c.objc; path = MMBackwardCompatible.m; sourceTree = "<group>"; };
		668288501A893F7E0038A1C4 /* UIBezierPath+Clipping.h */ = {isa = PBXFileReference; fileEncoding = 4; lastKnownFileType = sourcecode.c.h; path = "UIBezierPath+Clipping.h"; sourceTree = "<group>"; };
		668288511A893F7E0038A1C4 /* UIBezierPath+Clipping_Private.h */ = {isa = PBXFileReference; fileEncoding = 4; lastKnownFileType = sourcecode.c.h; path = "UIBezierPath+Clipping_Private.h"; sourceTree = "<group>"; };
		668288521A893F7E0038A1C4 /* UIBezierPath+Clipping.mm */ = {isa = PBXFileReference; fileEncoding = 4; lastKnownFileType = sourcecode.cpp.objcpp; path = "UIBezierPath+Clipping.mm"; sourceTree = "<group>"; };
		668288531A893F7E0038A1C4 /* UIBezierPath+GeometryExtras.h */ = {isa = PBXFileReference; fileEncoding = 4; lastKnownFileType = sourcecode.c.h; path = "UIBezierPath+GeometryExtras.h"; sourceTree = "<group>"; };
		668288541A893F7E0038A1C4 /* UIBezierPath+GeometryExtras.m */ = {isa = PBXFileReference; fileEncoding = 4; lastKnownFileType = sourcecode.c.objc; path = "UIBezierPath+GeometryExtras.m"; sourceTree = "<group>"; };
		668288551A893F7E0038A1C4 /* UIBezierPath+DKOSX.h */ = {isa = PBXFileReference; fileEncoding = 4; lastKnownFileType = sourcecode.c.h; path = "UIBezierPath+DKOSX.h"; sourceTree = "<group>"; };
		668288561A893F7E0038A1C4 /* UIBezierPath+DKOSX.m */ = {isa = PBXFileReference; fileEncoding = 4; lastKnownFileType = sourcecode.c.objc; path = "UIBezierPath+DKOSX.m"; sourceTree = "<group>"; };
		668288571A893F7E0038A1C4 /* UIBezierPath+Intersections.h */ = {isa = PBXFileReference; fileEncoding = 4; lastKnownFileType = sourcecode.c.h; path = "UIBezierPath+Intersections.h"; sourceTree = "<group>"; };
		668288581A893F7E0038A1C4 /* UIBezierPath+Intersections.m */ = {isa = PBXFileReference; explicitFileType = sourcecode.cpp.objcpp; fileEncoding = 4; path = "UIBezierPath+Intersections.m"; sourceTree = "<group>"; };
		6696DEE41B2E318A00A2BC8E /* MMClippingBezierGeometryTest.m */ = {isa = PBXFileReference; fileEncoding = 4; lastKnownFileType = sourcecode.c.objc; name = MMClippingBezierGeometryTest.m; path = BezierClipTests/MMClippingBezierGeometryTest.m; sourceTree = SOURCE_ROOT; };
		66AFACE71A8DDCA200FD0263 /* ClippingBezier.framework */ = {isa = PBXFileReference; explicitFileType = wrapper.framework.static; includeInIndex = 0; path = ClippingBezier.framework; sourceTree = BUILT_PRODUCTS_DIR; };
		66AFAD1F1A8DDDEF00FD0263 /* PerformanceBezier.framework */ = {isa = PBXFileReference; lastKnownFileType = wrapper.framework; name = PerformanceBezier.framework; path = "Submodules/DrawKit-iOS/Submodules/PerformanceBezier/build/Debug-iphoneos/PerformanceBezier.framework"; sourceTree = "<group>"; };
		66AFAD241A8DDE9700FD0263 /* PerformanceBezier.framework */ = {isa = PBXFileReference; lastKnownFileType = wrapper.framework; name = PerformanceBezier.framework; path = "Submodules/DrawKit-iOS/Submodules/PerformanceBezier/build/Debug-iphoneos/PerformanceBezier.framework"; sourceTree = "<group>"; };
		66B9D1F31A8C2B0B00CAC341 /* CoreGraphics.framework */ = {isa = PBXFileReference; lastKnownFileType = wrapper.framework; name = CoreGraphics.framework; path = System/Library/Frameworks/CoreGraphics.framework; sourceTree = SDKROOT; };
		66B9D1F51A8C2B1800CAC341 /* UIKit.framework */ = {isa = PBXFileReference; lastKnownFileType = wrapper.framework; name = UIKit.framework; path = System/Library/Frameworks/UIKit.framework; sourceTree = SDKROOT; };
		66FD53001A894BA800E7B486 /* NSArray+FirstObject.h */ = {isa = PBXFileReference; fileEncoding = 4; lastKnownFileType = sourcecode.c.h; path = "NSArray+FirstObject.h"; sourceTree = "<group>"; };
		66FD53011A894BA800E7B486 /* NSArray+FirstObject.m */ = {isa = PBXFileReference; fileEncoding = 4; lastKnownFileType = sourcecode.c.objc; path = "NSArray+FirstObject.m"; sourceTree = "<group>"; };
		66FD53141A894C7A00E7B486 /* MMClippingBezierAOOTests.m */ = {isa = PBXFileReference; fileEncoding = 4; lastKnownFileType = sourcecode.c.objc; name = MMClippingBezierAOOTests.m; path = ../BezierClipTests/MMClippingBezierAOOTests.m; sourceTree = "<group>"; };
		66FD53151A894C7A00E7B486 /* MMClippingBezierAbstractTest.h */ = {isa = PBXFileReference; fileEncoding = 4; lastKnownFileType = sourcecode.c.h; name = MMClippingBezierAbstractTest.h; path = ../BezierClipTests/MMClippingBezierAbstractTest.h; sourceTree = "<group>"; };
		66FD53161A894C7A00E7B486 /* MMClippingBezierAbstractTest.m */ = {isa = PBXFileReference; fileEncoding = 4; lastKnownFileType = sourcecode.c.objc; name = MMClippingBezierAbstractTest.m; path = ../BezierClipTests/MMClippingBezierAbstractTest.m; sourceTree = "<group>"; };
		66FD53171A894C7A00E7B486 /* MMClippingBezierIntersectionTests.m */ = {isa = PBXFileReference; fileEncoding = 4; lastKnownFileType = sourcecode.c.objc; name = MMClippingBezierIntersectionTests.m; path = ../BezierClipTests/MMClippingBezierIntersectionTests.m; sourceTree = "<group>"; };
		66FD53181A894C7A00E7B486 /* MMClippingBezierSegmentTests.m */ = {isa = PBXFileReference; fileEncoding = 4; lastKnownFileType = sourcecode.c.objc; name = MMClippingBezierSegmentTests.m; path = ../BezierClipTests/MMClippingBezierSegmentTests.m; sourceTree = "<group>"; };
		66FD53191A894C7A00E7B486 /* MMClippingBezierSegmentTangentTests.m */ = {isa = PBXFileReference; fileEncoding = 4; lastKnownFileType = sourcecode.c.objc; name = MMClippingBezierSegmentTangentTests.m; path = ../BezierClipTests/MMClippingBezierSegmentTangentTests.m; sourceTree = "<group>"; };
		66FD531A1A894C7A00E7B486 /* MMClippingBezierPerformanceTests.m */ = {isa = PBXFileReference; fileEncoding = 4; lastKnownFileType = sourcecode.c.objc; name = MMClippingBezierPerformanceTests.m; path = ../BezierClipTests/MMClippingBezierPerformanceTests.m; sourceTree = "<group>"; };
		66FD531B1A894C7A00E7B486 /* MMClippingBezierSubshapeTests.m */ = {isa = PBXFileReference; fileEncoding = 4; lastKnownFileType = sourcecode.c.objc; name = MMClippingBezierSubshapeTests.m; path = ../BezierClipTests/MMClippingBezierSubshapeTests.m; sourceTree = "<group>"; };
		66FD531C1A894C7A00E7B486 /* MMClippingBezierReversePathTests.m */ = {isa = PBXFileReference; fileEncoding = 4; lastKnownFileType = sourcecode.c.objc; name = MMClippingBezierReversePathTests.m; path = ../BezierClipTests/MMClippingBezierReversePathTests.m; sourceTree = "<group>"; };
		66FD531E1A894C7A00E7B486 /* MMClippingBezierFlatTests.m */ = {isa = PBXFileReference; fileEncoding = 4; lastKnownFileType = sourcecode.c.objc; name = MMClippingBezierFlatTests.m; path = ../BezierClipTests/MMClippingBezierFlatTests.m; sourceTree = "<group>"; };
		66FD53301A89546A00E7B486 /* DKIntersectionOfPaths.h */ = {isa = PBXFileReference; fileEncoding = 4; lastKnownFileType = sourcecode.c.h; path = DKIntersectionOfPaths.h; sourceTree = "<group>"; };
		66FD53311A89546A00E7B486 /* DKIntersectionOfPaths.m */ = {isa = PBXFileReference; fileEncoding = 4; lastKnownFileType = sourcecode.c.objc; path = DKIntersectionOfPaths.m; sourceTree = "<group>"; };
/* End PBXFileReference section */

/* Begin PBXFrameworksBuildPhase section */
		6605F9FE1B1159640092991F /* Frameworks */ = {
			isa = PBXFrameworksBuildPhase;
			buildActionMask = 2147483647;
			files = (
				6605FA2C1B1159D50092991F /* PerformanceBezier.framework in Frameworks */,
				6605FA2A1B1159D10092991F /* ClippingBezier.framework in Frameworks */,
			);
			runOnlyForDeploymentPostprocessing = 0;
		};
		662D40C81A8D862600A1CB63 /* Frameworks */ = {
			isa = PBXFrameworksBuildPhase;
			buildActionMask = 2147483647;
			files = (
				665E8D4C1B0D273F009E32FC /* ClippingBezier.framework in Frameworks */,
				66AFAD261A8DDE9700FD0263 /* PerformanceBezier.framework in Frameworks */,
				666EEC341A8D910100B9F171 /* UIKit.framework in Frameworks */,
			);
			runOnlyForDeploymentPostprocessing = 0;
		};
		66AFACE21A8DDCA200FD0263 /* Frameworks */ = {
			isa = PBXFrameworksBuildPhase;
			buildActionMask = 2147483647;
			files = (
				66AFAD211A8DDDEF00FD0263 /* PerformanceBezier.framework in Frameworks */,
				66AFACE81A8DDCA200FD0263 /* Foundation.framework in Frameworks */,
			);
			runOnlyForDeploymentPostprocessing = 0;
		};
/* End PBXFrameworksBuildPhase section */

/* Begin PBXGroup section */
		6605F6E61B1125020092991F /* Licenses */ = {
			isa = PBXGroup;
			children = (
				6605F6E71B11250D0092991F /* GraphicsGems.license */,
				6605F9ED1B11259F0092991F /* lib2geom.license */,
				6605F9EF1B1125D60092991F /* JRSwizzle.license */,
				6605F9F11B1125FC0092991F /* BaseGFX.license */,
			);
			name = Licenses;
			sourceTree = "<group>";
		};
		6605F9F51B1131890092991F /* 3rd Party */ = {
			isa = PBXGroup;
			children = (
				66767CBF1AFEDA3E00443B03 /* GraphicsGems */,
				66767CB41AFED76800443B03 /* bezier-utils */,
				668288431A893F530038A1C4 /* JRSwizzle */,
				668288151A893F170038A1C4 /* BaseGFX Bezier Clip */,
			);
			name = "3rd Party";
			sourceTree = "<group>";
		};
		6605FA021B1159640092991F /* ClippingExampleApp */ = {
			isa = PBXGroup;
			children = (
				6605FA271B1159AC0092991F /* MMClipView.h */,
				6605FA281B1159AC0092991F /* MMClipView.m */,
				6605FA071B1159640092991F /* AppDelegate.h */,
				6605FA081B1159640092991F /* AppDelegate.m */,
				6605FA0A1B1159640092991F /* ViewController.h */,
				6605FA0B1B1159640092991F /* ViewController.m */,
				6605FA0D1B1159640092991F /* Main.storyboard */,
				6605FA101B1159640092991F /* Images.xcassets */,
				6605FA121B1159640092991F /* LaunchScreen.xib */,
				6605FA031B1159640092991F /* Supporting Files */,
			);
			path = ClippingExampleApp;
			sourceTree = "<group>";
		};
		6605FA031B1159640092991F /* Supporting Files */ = {
			isa = PBXGroup;
			children = (
				6605FA041B1159640092991F /* Info.plist */,
				6605FA051B1159640092991F /* main.m */,
			);
			name = "Supporting Files";
			sourceTree = "<group>";
		};
		662D40CF1A8D862600A1CB63 /* ClippingBezierTests */ = {
			isa = PBXGroup;
			children = (
				66FD53141A894C7A00E7B486 /* MMClippingBezierAOOTests.m */,
				66FD53151A894C7A00E7B486 /* MMClippingBezierAbstractTest.h */,
				66FD53161A894C7A00E7B486 /* MMClippingBezierAbstractTest.m */,
				66FD53171A894C7A00E7B486 /* MMClippingBezierIntersectionTests.m */,
				66FD53181A894C7A00E7B486 /* MMClippingBezierSegmentTests.m */,
				66FD53191A894C7A00E7B486 /* MMClippingBezierSegmentTangentTests.m */,
				66FD531A1A894C7A00E7B486 /* MMClippingBezierPerformanceTests.m */,
				66FD531B1A894C7A00E7B486 /* MMClippingBezierSubshapeTests.m */,
				66FD531C1A894C7A00E7B486 /* MMClippingBezierReversePathTests.m */,
				66FD531E1A894C7A00E7B486 /* MMClippingBezierFlatTests.m */,
				665E8D4A1B0D2688009E32FC /* MMClippingBezierTrimmingTests.m */,
				6696DEE41B2E318A00A2BC8E /* MMClippingBezierGeometryTest.m */,
				662D40D01A8D862600A1CB63 /* Supporting Files */,
			);
			path = ClippingBezierTests;
			sourceTree = "<group>";
		};
		662D40D01A8D862600A1CB63 /* Supporting Files */ = {
			isa = PBXGroup;
			children = (
				662D40D11A8D862600A1CB63 /* Info.plist */,
			);
			name = "Supporting Files";
			sourceTree = "<group>";
		};
		66767CB41AFED76800443B03 /* bezier-utils */ = {
			isa = PBXGroup;
			children = (
				664A488F1AFEF39800DE634E /* BezierUtilsLicense */,
				664A48921AFEF9E400DE634E /* bezier-utils.cpp */,
				664A48931AFEF9E400DE634E /* bezier-utils.h */,
				668287B41A893DE90038A1C4 /* interval.h */,
				664A48801AFEF26200DE634E /* matrix.cpp */,
				664A48811AFEF26200DE634E /* matrix.h */,
				664A487D1AFEF23F00DE634E /* point.cpp */,
				66767CB51AFED77400443B03 /* point.h */,
				664A48841AFEF26E00DE634E /* transforms.cpp */,
				664A48851AFEF26E00DE634E /* transforms.h */,
				66767CB71AFED78A00443B03 /* coord.h */,
				664A487F1AFEF25500DE634E /* isnan.h */,
				6605F9F31B112D0E0092991F /* utils.h */,
				6605F9F61B11328B0092991F /* bezier-clipping.mm */,
				6605F9FC1B11362F0092991F /* bezier-clipping.h */,
			);
			name = "bezier-utils";
			sourceTree = "<group>";
		};
		66767CBF1AFEDA3E00443B03 /* GraphicsGems */ = {
			isa = PBXGroup;
			children = (
				66767CC11AFEDA5000443B03 /* NearestPoint.h */,
				66767CC01AFEDA5000443B03 /* NearestPoint.c */,
			);
			name = GraphicsGems;
			sourceTree = "<group>";
		};
		668287781A893CC70038A1C4 = {
			isa = PBXGroup;
			children = (
				66767CAC1AFEB8C600443B03 /* README.md */,
				6605F6E61B1125020092991F /* Licenses */,
				6682878A1A893CE50038A1C4 /* ClippingBezier */,
				662D40CF1A8D862600A1CB63 /* ClippingBezierTests */,
				6605FA021B1159640092991F /* ClippingExampleApp */,
				668287871A893CE50038A1C4 /* Frameworks */,
				668287861A893CE50038A1C4 /* Products */,
			);
			sourceTree = "<group>";
		};
		668287861A893CE50038A1C4 /* Products */ = {
			isa = PBXGroup;
			children = (
				662D40CB1A8D862600A1CB63 /* ClippingBezierTests.xctest */,
				66AFACE71A8DDCA200FD0263 /* ClippingBezier.framework */,
				6605FA011B1159640092991F /* ClippingExampleApp.app */,
			);
			name = Products;
			sourceTree = "<group>";
		};
		668287871A893CE50038A1C4 /* Frameworks */ = {
			isa = PBXGroup;
			children = (
				6605FA2B1B1159D50092991F /* PerformanceBezier.framework */,
				66AFAD241A8DDE9700FD0263 /* PerformanceBezier.framework */,
				66AFAD1F1A8DDDEF00FD0263 /* PerformanceBezier.framework */,
				66B9D1F51A8C2B1800CAC341 /* UIKit.framework */,
				66B9D1F31A8C2B0B00CAC341 /* CoreGraphics.framework */,
				668287881A893CE50038A1C4 /* Foundation.framework */,
			);
			name = Frameworks;
			sourceTree = "<group>";
		};
		6682878A1A893CE50038A1C4 /* ClippingBezier */ = {
			isa = PBXGroup;
			children = (
				6605F9F51B1131890092991F /* 3rd Party */,
				662D40C31A8D862600A1CB63 /* ClippingBezier.h */,
				668288101A893EFA0038A1C4 /* Vector */,
				6682884C1A893F750038A1C4 /* Categories */,
				668287991A893DD10038A1C4 /* Classes */,
				66AFACEA1A8DDCA200FD0263 /* Supporting Files */,
			);
			path = ClippingBezier;
			sourceTree = "<group>";
		};
		668287991A893DD10038A1C4 /* Classes */ = {
			isa = PBXGroup;
			children = (
				6682879A1A893DDD0038A1C4 /* DKUIBezierPathClippedSegment.h */,
				6682879B1A893DDD0038A1C4 /* DKUIBezierPathClippedSegment.m */,
				6682879C1A893DDD0038A1C4 /* DKUIBezierPathClippingResult.h */,
				6682879D1A893DDD0038A1C4 /* DKUIBezierPathClippingResult.m */,
				6682879E1A893DDD0038A1C4 /* DKUIBezierPathIntersectionPoint.h */,
				6682879F1A893DDD0038A1C4 /* DKUIBezierPathIntersectionPoint+Private.h */,
				668287A01A893DDD0038A1C4 /* DKUIBezierPathIntersectionPoint.m */,
				668287A11A893DDD0038A1C4 /* DKUIBezierUnmatchedPathIntersectionPoint.h */,
				668287A21A893DDD0038A1C4 /* DKUIBezierUnmatchedPathIntersectionPoint.m */,
				668287A31A893DDD0038A1C4 /* DKUIBezierPathShape.h */,
				668287A41A893DDD0038A1C4 /* DKUIBezierPathShape.m */,
				668287A51A893DDD0038A1C4 /* DKTangentAtPoint.h */,
				668287A61A893DDD0038A1C4 /* DKTangentAtPoint.m */,
				66FD53301A89546A00E7B486 /* DKIntersectionOfPaths.h */,
				66FD53311A89546A00E7B486 /* DKIntersectionOfPaths.m */,
			);
			name = Classes;
			sourceTree = "<group>";
		};
		668288101A893EFA0038A1C4 /* Vector */ = {
			isa = PBXGroup;
			children = (
				668288111A893F060038A1C4 /* DKVector.h */,
				668288121A893F060038A1C4 /* DKVector.m */,
			);
			name = Vector;
			sourceTree = "<group>";
		};
		668288151A893F170038A1C4 /* BaseGFX Bezier Clip */ = {
			isa = PBXGroup;
			children = (
				668288191A893F200038A1C4 /* gauss.hxx */,
				668288171A893F200038A1C4 /* bezierclip.hxx */,
				668288161A893F200038A1C4 /* bezierclip.cxx */,
				668288181A893F200038A1C4 /* convexhull.cxx */,
			);
			name = "BaseGFX Bezier Clip";
			sourceTree = "<group>";
		};
		668288431A893F530038A1C4 /* JRSwizzle */ = {
			isa = PBXGroup;
			children = (
				668288441A893F5A0038A1C4 /* JRSwizzle.h */,
				668288451A893F5A0038A1C4 /* JRSwizzle.m */,
				668288461A893F5A0038A1C4 /* MMBackwardCompatible.h */,
				668288471A893F5A0038A1C4 /* MMBackwardCompatible.m */,
			);
			name = JRSwizzle;
			sourceTree = "<group>";
		};
		6682884C1A893F750038A1C4 /* Categories */ = {
			isa = PBXGroup;
			children = (
				668288501A893F7E0038A1C4 /* UIBezierPath+Clipping.h */,
				668288511A893F7E0038A1C4 /* UIBezierPath+Clipping_Private.h */,
				668288521A893F7E0038A1C4 /* UIBezierPath+Clipping.mm */,
				668288531A893F7E0038A1C4 /* UIBezierPath+GeometryExtras.h */,
				668288541A893F7E0038A1C4 /* UIBezierPath+GeometryExtras.m */,
				668288551A893F7E0038A1C4 /* UIBezierPath+DKOSX.h */,
				668288561A893F7E0038A1C4 /* UIBezierPath+DKOSX.m */,
				668288571A893F7E0038A1C4 /* UIBezierPath+Intersections.h */,
				668288581A893F7E0038A1C4 /* UIBezierPath+Intersections.m */,
				665E8D461B0D2365009E32FC /* UIBezierPath+Ahmed.h */,
				665E8D471B0D2365009E32FC /* UIBezierPath+Ahmed.m */,
				66767CB01AFED58200443B03 /* UIBezierPath+Trimming.h */,
				66767CB11AFED58200443B03 /* UIBezierPath+Trimming.m */,
				66FD53001A894BA800E7B486 /* NSArray+FirstObject.h */,
				66FD53011A894BA800E7B486 /* NSArray+FirstObject.m */,
			);
			name = Categories;
			sourceTree = "<group>";
		};
		66AFACEA1A8DDCA200FD0263 /* Supporting Files */ = {
			isa = PBXGroup;
			children = (
				6665F9F61A8EC72F0071F9B9 /* ClippingBezier-Info.plist */,
				6665F9F71A8EC72F0071F9B9 /* Info.plist */,
			);
			name = "Supporting Files";
			path = ../ClippingBezier;
			sourceTree = "<group>";
		};
/* End PBXGroup section */

/* Begin PBXHeadersBuildPhase section */
		66AFACE31A8DDCA200FD0263 /* Headers */ = {
			isa = PBXHeadersBuildPhase;
			buildActionMask = 2147483647;
			files = (
				664A48831AFEF26200DE634E /* matrix.h in Headers */,
				66767CB81AFED78A00443B03 /* coord.h in Headers */,
				6605F9F41B112D0E0092991F /* utils.h in Headers */,
				66AFAD0C1A8DDD7100FD0263 /* ClippingBezier.h in Headers */,
				66AFAD111A8DDD7D00FD0263 /* UIBezierPath+GeometryExtras.h in Headers */,
				66AFAD121A8DDD7E00FD0263 /* UIBezierPath+DKOSX.h in Headers */,
				66AFAD131A8DDD8000FD0263 /* UIBezierPath+Intersections.h in Headers */,
				66AFAD4A1A8DE13F00FD0263 /* DKVector.h in Headers */,
				66AFAD151A8DDD8300FD0263 /* DKUIBezierPathClippedSegment.h in Headers */,
				66767CC31AFEDA5000443B03 /* NearestPoint.h in Headers */,
				66AFAD1A1A8DDD8D00FD0263 /* DKUIBezierPathShape.h in Headers */,
				66AFAD1D1A8DDD9200FD0263 /* DKIntersectionOfPaths.h in Headers */,
				66AFAD1B1A8DDD8F00FD0263 /* DKTangentAtPoint.h in Headers */,
				66AFAD161A8DDD8500FD0263 /* DKUIBezierPathClippingResult.h in Headers */,
				66AFAD171A8DDD8600FD0263 /* DKUIBezierPathIntersectionPoint.h in Headers */,
				665E8D481B0D2366009E32FC /* UIBezierPath+Ahmed.h in Headers */,
				66767CB21AFED58200443B03 /* UIBezierPath+Trimming.h in Headers */,
				66AFAD191A8DDD8A00FD0263 /* DKUIBezierUnmatchedPathIntersectionPoint.h in Headers */,
				66AFAD141A8DDD8100FD0263 /* NSArray+FirstObject.h in Headers */,
				66AFAD0F1A8DDD7800FD0263 /* UIBezierPath+Clipping.h in Headers */,
				66767CB61AFED77400443B03 /* point.h in Headers */,
				66AFAD0D1A8DDD7300FD0263 /* JRSwizzle.h in Headers */,
				66AFAD0E1A8DDD7500FD0263 /* MMBackwardCompatible.h in Headers */,
				66AFAD101A8DDD7A00FD0263 /* UIBezierPath+Clipping_Private.h in Headers */,
				66AFAD181A8DDD8800FD0263 /* DKUIBezierPathIntersectionPoint+Private.h in Headers */,
				664A48871AFEF26E00DE634E /* transforms.h in Headers */,
			);
			runOnlyForDeploymentPostprocessing = 0;
		};
/* End PBXHeadersBuildPhase section */

/* Begin PBXNativeTarget section */
		6605FA001B1159640092991F /* ClippingExampleApp */ = {
			isa = PBXNativeTarget;
			buildConfigurationList = 6605FA251B1159640092991F /* Build configuration list for PBXNativeTarget "ClippingExampleApp" */;
			buildPhases = (
				6605F9FD1B1159640092991F /* Sources */,
				6605F9FE1B1159640092991F /* Frameworks */,
				6605F9FF1B1159640092991F /* Resources */,
			);
			buildRules = (
			);
			dependencies = (
			);
			name = ClippingExampleApp;
			productName = ClippingExampleApp;
			productReference = 6605FA011B1159640092991F /* ClippingExampleApp.app */;
			productType = "com.apple.product-type.application";
		};
		662D40CA1A8D862600A1CB63 /* ClippingBezierTests */ = {
			isa = PBXNativeTarget;
			buildConfigurationList = 662D40D51A8D862600A1CB63 /* Build configuration list for PBXNativeTarget "ClippingBezierTests" */;
			buildPhases = (
				662D40C71A8D862600A1CB63 /* Sources */,
				662D40C81A8D862600A1CB63 /* Frameworks */,
				662D40C91A8D862600A1CB63 /* Resources */,
			);
			buildRules = (
			);
			dependencies = (
			);
			name = ClippingBezierTests;
			productName = ClippingBezierTests;
			productReference = 662D40CB1A8D862600A1CB63 /* ClippingBezierTests.xctest */;
			productType = "com.apple.product-type.bundle.unit-test";
		};
		66AFACE61A8DDCA200FD0263 /* ClippingBezier */ = {
			isa = PBXNativeTarget;
			buildConfigurationList = 66AFACF41A8DDCA200FD0263 /* Build configuration list for PBXNativeTarget "ClippingBezier" */;
			buildPhases = (
				66AFACF71A8DDCD600FD0263 /* Prepare Build Script */,
				66AFACE11A8DDCA200FD0263 /* Sources */,
				66AFACE21A8DDCA200FD0263 /* Frameworks */,
				66AFACE31A8DDCA200FD0263 /* Headers */,
				66AFACE41A8DDCA200FD0263 /* Resources */,
				66AFACF81A8DDCED00FD0263 /* Process Headers Script */,
				66AFACF91A8DDD0000FD0263 /* Build Framework Script */,
			);
			buildRules = (
			);
			dependencies = (
			);
			name = ClippingBezier;
			productName = ClippingBezier;
			productReference = 66AFACE71A8DDCA200FD0263 /* ClippingBezier.framework */;
			productType = "com.apple.product-type.framework.static";
		};
/* End PBXNativeTarget section */

/* Begin PBXProject section */
		668287791A893CC70038A1C4 /* Project object */ = {
			isa = PBXProject;
			attributes = {
				LastUpgradeCheck = 0640;
				TargetAttributes = {
					6605FA001B1159640092991F = {
						CreatedOnToolsVersion = 6.3.1;
					};
					662D40CA1A8D862600A1CB63 = {
						CreatedOnToolsVersion = 6.3;
					};
					66AFACE61A8DDCA200FD0263 = {
						CreatedOnToolsVersion = 6.1.1;
					};
				};
			};
			buildConfigurationList = 6682877C1A893CC70038A1C4 /* Build configuration list for PBXProject "ClippingBezier" */;
			compatibilityVersion = "Xcode 3.2";
			developmentRegion = English;
			hasScannedForEncodings = 0;
			knownRegions = (
				en,
				Base,
			);
			mainGroup = 668287781A893CC70038A1C4;
			productRefGroup = 668287861A893CE50038A1C4 /* Products */;
			projectDirPath = "";
			projectRoot = "";
			targets = (
				66AFACE61A8DDCA200FD0263 /* ClippingBezier */,
				662D40CA1A8D862600A1CB63 /* ClippingBezierTests */,
				6605FA001B1159640092991F /* ClippingExampleApp */,
			);
		};
/* End PBXProject section */

/* Begin PBXResourcesBuildPhase section */
		6605F9FF1B1159640092991F /* Resources */ = {
			isa = PBXResourcesBuildPhase;
			buildActionMask = 2147483647;
			files = (
				6605FA0F1B1159640092991F /* Main.storyboard in Resources */,
				6605FA141B1159640092991F /* LaunchScreen.xib in Resources */,
				6605FA111B1159640092991F /* Images.xcassets in Resources */,
			);
			runOnlyForDeploymentPostprocessing = 0;
		};
		662D40C91A8D862600A1CB63 /* Resources */ = {
			isa = PBXResourcesBuildPhase;
			buildActionMask = 2147483647;
			files = (
			);
			runOnlyForDeploymentPostprocessing = 0;
		};
		66AFACE41A8DDCA200FD0263 /* Resources */ = {
			isa = PBXResourcesBuildPhase;
			buildActionMask = 2147483647;
			files = (
				6605F9F21B1125FC0092991F /* BaseGFX.license in Resources */,
				6605F9F01B1125D60092991F /* JRSwizzle.license in Resources */,
				664A48901AFEF39800DE634E /* BezierUtilsLicense in Resources */,
				6665F9F81A8EC72F0071F9B9 /* ClippingBezier-Info.plist in Resources */,
				6605F6E81B11250D0092991F /* GraphicsGems.license in Resources */,
				6605F9EE1B11259F0092991F /* lib2geom.license in Resources */,
			);
			runOnlyForDeploymentPostprocessing = 0;
		};
/* End PBXResourcesBuildPhase section */

/* Begin PBXShellScriptBuildPhase section */
		66AFACF71A8DDCD600FD0263 /* Prepare Build Script */ = {
			isa = PBXShellScriptBuildPhase;
			buildActionMask = 2147483647;
			files = (
			);
			inputPaths = (
			);
			name = "Prepare Build Script";
			outputPaths = (
			);
			runOnlyForDeploymentPostprocessing = 0;
			shellPath = /bin/sh;
			shellScript = "set -e\n\nset +u\nif [[ $UFW_MASTER_SCRIPT_RUNNING ]]\nthen\n# Nothing for the slave script to do\nexit 0\nfi\nset -u\n\nif [[ \"$SDK_NAME\" =~ ([A-Za-z]+) ]]\nthen\nUFW_SDK_PLATFORM=${BASH_REMATCH[1]}\nelse\necho \"Could not find platform name from SDK_NAME: $SDK_NAME\"\nexit 1\nfi\n\nif [[ \"$SDK_NAME\" =~ ([0-9]+.*$) ]]\nthen\nUFW_SDK_VERSION=${BASH_REMATCH[1]}\nelse\necho \"Could not find sdk version  from SDK_NAME: $SDK_NAME\"\nexit 1\nfi\n\nif [[ \"$UFW_SDK_PLATFORM\" = \"iphoneos\" ]]\nthen\nUFW_OTHER_PLATFORM=iphonesimulator\nelse\nUFW_OTHER_PLATFORM=iphoneos\nfi\n\nif [[ \"$BUILT_PRODUCTS_DIR\" =~ (.*)$UFW_SDK_PLATFORM$ ]]\nthen\nUFW_OTHER_BUILT_PRODUCTS_DIR=\"${BASH_REMATCH[1]}${UFW_OTHER_PLATFORM}\"\nelse\necho \"Could not find $UFW_SDK_PLATFORM in $BUILT_PRODUCTS_DIR\"\nexit 1\nfi\n\nONLY_ACTIVE_PLATFORM=${ONLY_ACTIVE_PLATFORM:-$ONLY_ACTIVE_ARCH}\n\n# Short-circuit if all binaries are up to date\n\nif [[ -f \"${BUILT_PRODUCTS_DIR}/${EXECUTABLE_PATH}\" ]] && \\\n[[ -f \"${BUILT_PRODUCTS_DIR}/${PRODUCT_NAME}.embeddedframework/${EXECUTABLE_PATH}\" ]] && \\\n[[ ! \"${BUILT_PRODUCTS_DIR}/${EXECUTABLE_PATH}\" -nt \"${BUILT_PRODUCTS_DIR}/${PRODUCT_NAME}.embeddedframework/${EXECUTABLE_PATH}\" ]] && \\\n([[ \"${ONLY_ACTIVE_PLATFORM}\" == \"YES\" ]] || \\\n([[ -f \"${UFW_OTHER_BUILT_PRODUCTS_DIR}/${EXECUTABLE_PATH}\" ]] && \\\n[[ -f \"${UFW_OTHER_BUILT_PRODUCTS_DIR}/${PRODUCT_NAME}.embeddedframework/${EXECUTABLE_PATH}\" ]] && \\\n[[ ! \"${UFW_OTHER_BUILT_PRODUCTS_DIR}/${EXECUTABLE_PATH}\" -nt \"${UFW_OTHER_BUILT_PRODUCTS_DIR}/${PRODUCT_NAME}.embeddedframework/${EXECUTABLE_PATH}\" ]]\n)\n)\nthen\nexit 0\nfi\n\n\n# Clean other platform if needed\n\nif [[ ! -f \"${BUILT_PRODUCTS_DIR}/${EXECUTABLE_PATH}\" ]] && [[ \"${ONLY_ACTIVE_PLATFORM}\" != \"YES\" ]]\nthen\necho \"Platform \\\"$UFW_SDK_PLATFORM\\\" was cleaned recently. Cleaning \\\"$UFW_OTHER_PLATFORM\\\" as well\"\necho xcodebuild -project \"${PROJECT_FILE_PATH}\" -target \"${TARGET_NAME}\" -configuration \"${CONFIGURATION}\" -sdk ${UFW_OTHER_PLATFORM}${UFW_SDK_VERSION} BUILD_DIR=\"${BUILD_DIR}\" CONFIGURATION_TEMP_DIR=\"${PROJECT_TEMP_DIR}/${CONFIGURATION}-${UFW_OTHER_PLATFORM}\" clean\nxcodebuild -project \"${PROJECT_FILE_PATH}\" -target \"${TARGET_NAME}\" -configuration \"${CONFIGURATION}\" -sdk ${UFW_OTHER_PLATFORM}${UFW_SDK_VERSION} BUILD_DIR=\"${BUILD_DIR}\" CONFIGURATION_TEMP_DIR=\"${PROJECT_TEMP_DIR}/${CONFIGURATION}-${UFW_OTHER_PLATFORM}\" clean\nfi\n\n\n# Make sure we are building from fresh binaries\n\nrm -rf \"${BUILT_PRODUCTS_DIR}/${EXECUTABLE_PATH}\"\nrm -rf \"${BUILT_PRODUCTS_DIR}/${PRODUCT_NAME}.embeddedframework\"\n\nif [[ \"${ONLY_ACTIVE_PLATFORM}\" != \"YES\" ]]\nthen\nrm -rf \"${UFW_OTHER_BUILT_PRODUCTS_DIR}/${EXECUTABLE_PATH}\"\nrm -rf \"${UFW_OTHER_BUILT_PRODUCTS_DIR}/${PRODUCT_NAME}.embeddedframework\"\nfi\n";
		};
		66AFACF81A8DDCED00FD0263 /* Process Headers Script */ = {
			isa = PBXShellScriptBuildPhase;
			buildActionMask = 2147483647;
			files = (
			);
			inputPaths = (
			);
			name = "Process Headers Script";
			outputPaths = (
			);
			runOnlyForDeploymentPostprocessing = 0;
			shellPath = /bin/sh;
			shellScript = "\nHEADERS_ROOT=$SRCROOT/$PRODUCT_NAME\nFRAMEWORK_HEADERS_DIR=\"$BUILT_PRODUCTS_DIR/$WRAPPER_NAME/Versions/$FRAMEWORK_VERSION/Headers\"\n\n## only header files expected at this point\nPUBLIC_HEADERS=$(find $FRAMEWORK_HEADERS_DIR/. -not -type d 2> /dev/null | sed -e \"s@.*/@@g\")\n\nFIND_OPTS=\"\"\nfor PUBLIC_HEADER in $PUBLIC_HEADERS; do\nif [ -n \"$FIND_OPTS\" ]; then\nFIND_OPTS=\"$FIND_OPTS -o\"\nfi\nFIND_OPTS=\"$FIND_OPTS -name '$PUBLIC_HEADER'\"\ndone\n\nif [ -n \"$FIND_OPTS\" ]; then\nfor ORIG_HEADER in $(eval \"find $HEADERS_ROOT/. $FIND_OPTS\" 2> /dev/null | sed -e \"s@^$HEADERS_ROOT/./@@g\"); do\nPUBLIC_HEADER=$(basename $ORIG_HEADER)\nRELATIVE_PATH=$(dirname $ORIG_HEADER)\nif [ -e $FRAMEWORK_HEADERS_DIR/$PUBLIC_HEADER ]; then\nmkdir -p \"$FRAMEWORK_HEADERS_DIR/$RELATIVE_PATH\"\nmv \"$FRAMEWORK_HEADERS_DIR/$PUBLIC_HEADER\" \"$FRAMEWORK_HEADERS_DIR/$RELATIVE_PATH/$PUBLIC_HEADER\"\nfi\ndone\nfi\n";
		};
		66AFACF91A8DDD0000FD0263 /* Build Framework Script */ = {
			isa = PBXShellScriptBuildPhase;
			buildActionMask = 2147483647;
			files = (
			);
			inputPaths = (
			);
			name = "Build Framework Script";
			outputPaths = (
			);
			runOnlyForDeploymentPostprocessing = 0;
			shellPath = /bin/sh;
			shellScript = "\nset -e\n\nset +u\nif [[ $UFW_MASTER_SCRIPT_RUNNING ]]\nthen\n# Nothing for the slave script to do\nexit 0\nfi\nset -u\nexport UFW_MASTER_SCRIPT_RUNNING=1\n\n\n# Functions\n\n## List files in the specified directory, storing to the specified array.\n#\n# @param $1 The path to list\n# @param $2 The name of the array to fill\n#\n##\nlist_files ()\n{\n    filelist=$(ls \"$1\")\n    while read line\n    do\n    eval \"$2[\\${#$2[*]}]=\\\"\\$line\\\"\"\n    done <<< \"$filelist\"\n}\n\n\n# Sanity check\n\nif [[ ! -f \"${BUILT_PRODUCTS_DIR}/${EXECUTABLE_PATH}\" ]]\nthen\necho \"Framework target \\\"${TARGET_NAME}\\\" had no source files to build from. Make sure your source files have the correct target membership\"\nexit 1\nfi\n\necho \"Target Executable: ${BUILT_PRODUCTS_DIR}/${EXECUTABLE_PATH}\"\n\n\n# Gather information\n\nif [[ \"$SDK_NAME\" =~ ([A-Za-z]+) ]]\nthen\nUFW_SDK_PLATFORM=${BASH_REMATCH[1]}\nelse\necho \"Could not find platform name from SDK_NAME: $SDK_NAME\"\nexit 1\nfi\n\nif [[ \"$SDK_NAME\" =~ ([0-9]+.*$) ]]\nthen\nUFW_SDK_VERSION=${BASH_REMATCH[1]}\nelse\necho \"Could not find sdk version from SDK_NAME: $SDK_NAME\"\nexit 1\nfi\n\nif [[ \"$UFW_SDK_PLATFORM\" = \"iphoneos\" ]]\nthen\nUFW_OTHER_PLATFORM=iphonesimulator\nelse\nUFW_OTHER_PLATFORM=iphoneos\nfi\n\nif [[ \"$BUILT_PRODUCTS_DIR\" =~ (.*)$UFW_SDK_PLATFORM$ ]]\nthen\nUFW_OTHER_BUILT_PRODUCTS_DIR=\"${BASH_REMATCH[1]}${UFW_OTHER_PLATFORM}\"\nelse\necho \"Could not find $UFW_SDK_PLATFORM in $BUILT_PRODUCTS_DIR\"\nexit 1\nfi\n\nONLY_ACTIVE_PLATFORM=${ONLY_ACTIVE_PLATFORM:-$ONLY_ACTIVE_ARCH}\n\n# Short-circuit if all binaries are up to date.\n# We already checked the other platform in the prerun script.\n\nif [[ -f \"${BUILT_PRODUCTS_DIR}/${PRODUCT_NAME}.framework/${PRODUCT_NAME}\" ]] && [[ -f \"${BUILT_PRODUCTS_DIR}/${PRODUCT_NAME}.embeddedframework/${PRODUCT_NAME}\" ]] && [[ ! \"${BUILT_PRODUCTS_DIR}/${PRODUCT_NAME}.framework/${PRODUCT_NAME}\" -nt \"${BUILT_PRODUCTS_DIR}/${PRODUCT_NAME}.embeddedframework/${PRODUCT_NAME}\" ]]\nthen\nexit 0\nfi\n\nif [ \"${ONLY_ACTIVE_PLATFORM}\" == \"YES\" ]\nthen\necho \"ONLY_ACTIVE_PLATFORM=${ONLY_ACTIVE_PLATFORM}: Skipping other platform build\"\nelse\n# Make sure the other platform gets built\n\necho \"Build other platform\"\n\necho xcodebuild -project \"${PROJECT_FILE_PATH}\" -target \"${TARGET_NAME}\" -configuration \"${CONFIGURATION}\" -sdk ${UFW_OTHER_PLATFORM}${UFW_SDK_VERSION} BUILD_DIR=\"${BUILD_DIR}\" CONFIGURATION_TEMP_DIR=\"${PROJECT_TEMP_DIR}/${CONFIGURATION}-${UFW_OTHER_PLATFORM}\" $ACTION\nxcodebuild -project \"${PROJECT_FILE_PATH}\" -target \"${TARGET_NAME}\" -configuration \"${CONFIGURATION}\" -sdk ${UFW_OTHER_PLATFORM}${UFW_SDK_VERSION} BUILD_DIR=\"${BUILD_DIR}\" CONFIGURATION_TEMP_DIR=\"${PROJECT_TEMP_DIR}/${CONFIGURATION}-${UFW_OTHER_PLATFORM}\" $ACTION\n\n\n# Build the fat static library binary\n\necho \"Create universal static library\"\n\necho \"$PLATFORM_DEVELOPER_BIN_DIR/libtool\" -static \"${BUILT_PRODUCTS_DIR}/${EXECUTABLE_PATH}\" \"${UFW_OTHER_BUILT_PRODUCTS_DIR}/${EXECUTABLE_PATH}\" -o \"${BUILT_PRODUCTS_DIR}/${EXECUTABLE_PATH}.temp\"\n\"$PLATFORM_DEVELOPER_BIN_DIR/libtool\" -static \"${BUILT_PRODUCTS_DIR}/${EXECUTABLE_PATH}\" \"${UFW_OTHER_BUILT_PRODUCTS_DIR}/${EXECUTABLE_PATH}\" -o \"${BUILT_PRODUCTS_DIR}/${EXECUTABLE_PATH}.temp\"\n\necho mv \"${BUILT_PRODUCTS_DIR}/${EXECUTABLE_PATH}.temp\" \"${BUILT_PRODUCTS_DIR}/${PRODUCT_NAME}\"\nmv \"${BUILT_PRODUCTS_DIR}/${EXECUTABLE_PATH}.temp\" \"${BUILT_PRODUCTS_DIR}/${PRODUCT_NAME}\"\nfi\n\n# Move executable to product name location\n\necho \"Moving Executable\"\necho \"${BUILT_PRODUCTS_DIR}/${EXECUTABLE_PATH}\"\necho \"to\"\necho \"${BUILT_PRODUCTS_DIR}/${PRODUCT_NAME}.framework/${PRODUCT_NAME}\"\n\nmv \"${BUILT_PRODUCTS_DIR}/${EXECUTABLE_PATH}\" \"${BUILT_PRODUCTS_DIR}/${PRODUCT_NAME}.framework/${PRODUCT_NAME}\"\n\n# Build embedded framework structure\n\necho \"Build Embedded Framework\"\n\necho rm -rf \"${BUILT_PRODUCTS_DIR}/${PRODUCT_NAME}.embeddedframework\"\nrm -rf \"${BUILT_PRODUCTS_DIR}/${PRODUCT_NAME}.embeddedframework\"\necho mkdir -p \"${BUILT_PRODUCTS_DIR}/${PRODUCT_NAME}.embeddedframework/Resources\"\nmkdir -p \"${BUILT_PRODUCTS_DIR}/${PRODUCT_NAME}.embeddedframework/Resources\"\necho cp -a \"${BUILT_PRODUCTS_DIR}/${WRAPPER_NAME}\" \"${BUILT_PRODUCTS_DIR}/${PRODUCT_NAME}.embeddedframework/\"\ncp -a \"${BUILT_PRODUCTS_DIR}/${WRAPPER_NAME}\" \"${BUILT_PRODUCTS_DIR}/${PRODUCT_NAME}.embeddedframework/\"\n\ndeclare -a UFW_FILE_LIST\nlist_files \"${BUILT_PRODUCTS_DIR}/${UNLOCALIZED_RESOURCES_FOLDER_PATH}\" UFW_FILE_LIST\nfor filename in \"${UFW_FILE_LIST[@]}\"\ndo\nif [[ \"${filename}\" != \"Info.plist\" ]] && [[ ! \"${filename}\" =~ .*\\.lproj$ ]]\nthen\necho ln -sfh \"../${WRAPPER_NAME}/Resources/${filename}\" \"${BUILT_PRODUCTS_DIR}/${PRODUCT_NAME}.embeddedframework/Resources/${filename}\"\nln -sfh \"../${WRAPPER_NAME}/Resources/${filename}\" \"${BUILT_PRODUCTS_DIR}/${PRODUCT_NAME}.embeddedframework/Resources/${filename}\"\nfi\ndone\n\n\nif [ \"${ONLY_ACTIVE_PLATFORM}\" != \"YES\" ]\nthen\n# Replace other platform's framework with a copy of this one (so that both have the same universal binary)\n\necho \"Copy from $UFW_SDK_PLATFORM to $UFW_OTHER_PLATFORM\"\n\necho rm -rf \"${BUILD_DIR}/${CONFIGURATION}-${UFW_OTHER_PLATFORM}\"\nrm -rf \"${BUILD_DIR}/${CONFIGURATION}-${UFW_OTHER_PLATFORM}\"\necho cp -a \"${BUILD_DIR}/${CONFIGURATION}-${UFW_SDK_PLATFORM}\" \"${BUILD_DIR}/${CONFIGURATION}-${UFW_OTHER_PLATFORM}\"\ncp -a \"${BUILD_DIR}/${CONFIGURATION}-${UFW_SDK_PLATFORM}\" \"${BUILD_DIR}/${CONFIGURATION}-${UFW_OTHER_PLATFORM}\"\nfi\n";
		};
/* End PBXShellScriptBuildPhase section */

/* Begin PBXSourcesBuildPhase section */
		6605F9FD1B1159640092991F /* Sources */ = {
			isa = PBXSourcesBuildPhase;
			buildActionMask = 2147483647;
			files = (
				6605FA291B1159AC0092991F /* MMClipView.m in Sources */,
				6605FA0C1B1159640092991F /* ViewController.m in Sources */,
				6605FA091B1159640092991F /* AppDelegate.m in Sources */,
				6605FA061B1159640092991F /* main.m in Sources */,
			);
			runOnlyForDeploymentPostprocessing = 0;
		};
		662D40C71A8D862600A1CB63 /* Sources */ = {
			isa = PBXSourcesBuildPhase;
			buildActionMask = 2147483647;
			files = (
				666EEC271A8D8F7500B9F171 /* MMClippingBezierAOOTests.m in Sources */,
				666EEC291A8D8F7500B9F171 /* MMClippingBezierAbstractTest.m in Sources */,
				666EEC2A1A8D8F7500B9F171 /* MMClippingBezierIntersectionTests.m in Sources */,
				666EEC2B1A8D8F7500B9F171 /* MMClippingBezierSegmentTests.m in Sources */,
				666EEC2C1A8D8F7500B9F171 /* MMClippingBezierSegmentTangentTests.m in Sources */,
				666EEC2D1A8D8F7500B9F171 /* MMClippingBezierPerformanceTests.m in Sources */,
				6696DEE51B2E318A00A2BC8E /* MMClippingBezierGeometryTest.m in Sources */,
				665E8D4B1B0D2688009E32FC /* MMClippingBezierTrimmingTests.m in Sources */,
				666EEC2E1A8D8F7500B9F171 /* MMClippingBezierSubshapeTests.m in Sources */,
				666EEC2F1A8D8F7500B9F171 /* MMClippingBezierReversePathTests.m in Sources */,
				666EEC311A8D8F7500B9F171 /* MMClippingBezierFlatTests.m in Sources */,
			);
			runOnlyForDeploymentPostprocessing = 0;
		};
		66AFACE11A8DDCA200FD0263 /* Sources */ = {
			isa = PBXSourcesBuildPhase;
			buildActionMask = 2147483647;
			files = (
				6605F9F71B11328B0092991F /* bezier-clipping.mm in Sources */,
				664A487E1AFEF23F00DE634E /* point.cpp in Sources */,
				66AFACFA1A8DDD4400FD0263 /* DKUIBezierPathClippedSegment.m in Sources */,
				66AFACFD1A8DDD5000FD0263 /* DKUIBezierUnmatchedPathIntersectionPoint.m in Sources */,
				66AFAD021A8DDD5A00FD0263 /* NSArray+FirstObject.m in Sources */,
				66AFACFF1A8DDD5400FD0263 /* DKTangentAtPoint.m in Sources */,
				66AFACFB1A8DDD4500FD0263 /* DKUIBezierPathClippingResult.m in Sources */,
				66AFAD041A8DDD5E00FD0263 /* UIBezierPath+DKOSX.m in Sources */,
				66AFAD071A8DDD6400FD0263 /* bezierclip.cxx in Sources */,
				66AFAD0B1A8DDD6C00FD0263 /* DKVector.m in Sources */,
				66767CB31AFED58200443B03 /* UIBezierPath+Trimming.m in Sources */,
				66AFAD091A8DDD6800FD0263 /* JRSwizzle.m in Sources */,
				66AFAD0A1A8DDD6900FD0263 /* MMBackwardCompatible.m in Sources */,
				665E8D491B0D2366009E32FC /* UIBezierPath+Ahmed.m in Sources */,
				66AFAD061A8DDD6100FD0263 /* UIBezierPath+Clipping.mm in Sources */,
				66AFAD081A8DDD6500FD0263 /* convexhull.cxx in Sources */,
				66AFAD051A8DDD5F00FD0263 /* UIBezierPath+GeometryExtras.m in Sources */,
				66AFAD031A8DDD5C00FD0263 /* UIBezierPath+Intersections.m in Sources */,
				664A48861AFEF26E00DE634E /* transforms.cpp in Sources */,
				66767CC21AFEDA5000443B03 /* NearestPoint.c in Sources */,
				664A48821AFEF26200DE634E /* matrix.cpp in Sources */,
				66AFAD011A8DDD5700FD0263 /* DKIntersectionOfPaths.m in Sources */,
				66AFACFE1A8DDD5200FD0263 /* DKUIBezierPathShape.m in Sources */,
				66AFACFC1A8DDD4800FD0263 /* DKUIBezierPathIntersectionPoint.m in Sources */,
			);
			runOnlyForDeploymentPostprocessing = 0;
		};
/* End PBXSourcesBuildPhase section */

/* Begin PBXVariantGroup section */
		6605FA0D1B1159640092991F /* Main.storyboard */ = {
			isa = PBXVariantGroup;
			children = (
				6605FA0E1B1159640092991F /* Base */,
			);
			name = Main.storyboard;
			sourceTree = "<group>";
		};
		6605FA121B1159640092991F /* LaunchScreen.xib */ = {
			isa = PBXVariantGroup;
			children = (
				6605FA131B1159640092991F /* Base */,
			);
			name = LaunchScreen.xib;
			sourceTree = "<group>";
		};
/* End PBXVariantGroup section */

/* Begin XCBuildConfiguration section */
		6605FA211B1159640092991F /* Debug */ = {
			isa = XCBuildConfiguration;
			buildSettings = {
				ALWAYS_SEARCH_USER_PATHS = NO;
				ASSETCATALOG_COMPILER_APPICON_NAME = AppIcon;
				CLANG_CXX_LANGUAGE_STANDARD = "gnu++0x";
				CLANG_CXX_LIBRARY = "libc++";
				CLANG_ENABLE_MODULES = YES;
				CLANG_ENABLE_OBJC_ARC = YES;
				CLANG_WARN_BOOL_CONVERSION = YES;
				CLANG_WARN_CONSTANT_CONVERSION = YES;
				CLANG_WARN_DIRECT_OBJC_ISA_USAGE = YES_ERROR;
				CLANG_WARN_EMPTY_BODY = YES;
				CLANG_WARN_ENUM_CONVERSION = YES;
				CLANG_WARN_INT_CONVERSION = YES;
				CLANG_WARN_OBJC_ROOT_CLASS = YES_ERROR;
				CLANG_WARN_UNREACHABLE_CODE = YES;
				CLANG_WARN__DUPLICATE_METHOD_MATCH = YES;
				"CODE_SIGN_IDENTITY[sdk=iphoneos*]" = "iPhone Developer";
				DEBUG_INFORMATION_FORMAT = "dwarf-with-dsym";
				ENABLE_STRICT_OBJC_MSGSEND = YES;
				FRAMEWORK_SEARCH_PATHS = (
					"$(inherited)",
					"$(PROJECT_DIR)/Submodules/PerformanceBezier/build/Debug-iphoneos",
				);
				GCC_C_LANGUAGE_STANDARD = gnu99;
				GCC_DYNAMIC_NO_PIC = NO;
				GCC_NO_COMMON_BLOCKS = YES;
				GCC_OPTIMIZATION_LEVEL = 0;
				GCC_PREPROCESSOR_DEFINITIONS = (
					"DEBUG=1",
					"$(inherited)",
				);
				GCC_SYMBOLS_PRIVATE_EXTERN = NO;
				GCC_WARN_64_TO_32_BIT_CONVERSION = YES;
				GCC_WARN_ABOUT_RETURN_TYPE = YES_ERROR;
				GCC_WARN_UNDECLARED_SELECTOR = YES;
				GCC_WARN_UNINITIALIZED_AUTOS = YES_AGGRESSIVE;
				GCC_WARN_UNUSED_FUNCTION = YES;
				GCC_WARN_UNUSED_VARIABLE = YES;
				INFOPLIST_FILE = ClippingExampleApp/Info.plist;
				IPHONEOS_DEPLOYMENT_TARGET = 8.3;
				LD_RUNPATH_SEARCH_PATHS = "$(inherited) @executable_path/Frameworks";
				MTL_ENABLE_DEBUG_INFO = YES;
				ONLY_ACTIVE_ARCH = YES;
				OTHER_LDFLAGS = (
					"-ObjC",
					"-lstdc++",
					"$(inherited)",
				);
				PRODUCT_NAME = "$(TARGET_NAME)";
				TARGETED_DEVICE_FAMILY = 2;
			};
			name = Debug;
		};
		6605FA221B1159640092991F /* Release */ = {
			isa = XCBuildConfiguration;
			buildSettings = {
				ALWAYS_SEARCH_USER_PATHS = NO;
				ASSETCATALOG_COMPILER_APPICON_NAME = AppIcon;
				CLANG_CXX_LANGUAGE_STANDARD = "gnu++0x";
				CLANG_CXX_LIBRARY = "libc++";
				CLANG_ENABLE_MODULES = YES;
				CLANG_ENABLE_OBJC_ARC = YES;
				CLANG_WARN_BOOL_CONVERSION = YES;
				CLANG_WARN_CONSTANT_CONVERSION = YES;
				CLANG_WARN_DIRECT_OBJC_ISA_USAGE = YES_ERROR;
				CLANG_WARN_EMPTY_BODY = YES;
				CLANG_WARN_ENUM_CONVERSION = YES;
				CLANG_WARN_INT_CONVERSION = YES;
				CLANG_WARN_OBJC_ROOT_CLASS = YES_ERROR;
				CLANG_WARN_UNREACHABLE_CODE = YES;
				CLANG_WARN__DUPLICATE_METHOD_MATCH = YES;
				"CODE_SIGN_IDENTITY[sdk=iphoneos*]" = "iPhone Developer";
				DEBUG_INFORMATION_FORMAT = "dwarf-with-dsym";
				ENABLE_NS_ASSERTIONS = NO;
				ENABLE_STRICT_OBJC_MSGSEND = YES;
				FRAMEWORK_SEARCH_PATHS = (
					"$(inherited)",
					"$(PROJECT_DIR)/Submodules/PerformanceBezier/build/Debug-iphoneos",
				);
				GCC_C_LANGUAGE_STANDARD = gnu99;
				GCC_NO_COMMON_BLOCKS = YES;
				GCC_WARN_64_TO_32_BIT_CONVERSION = YES;
				GCC_WARN_ABOUT_RETURN_TYPE = YES_ERROR;
				GCC_WARN_UNDECLARED_SELECTOR = YES;
				GCC_WARN_UNINITIALIZED_AUTOS = YES_AGGRESSIVE;
				GCC_WARN_UNUSED_FUNCTION = YES;
				GCC_WARN_UNUSED_VARIABLE = YES;
				INFOPLIST_FILE = ClippingExampleApp/Info.plist;
				IPHONEOS_DEPLOYMENT_TARGET = 8.3;
				LD_RUNPATH_SEARCH_PATHS = "$(inherited) @executable_path/Frameworks";
				MTL_ENABLE_DEBUG_INFO = NO;
				OTHER_LDFLAGS = (
					"-ObjC",
					"-lstdc++",
					"$(inherited)",
				);
				PRODUCT_NAME = "$(TARGET_NAME)";
				TARGETED_DEVICE_FAMILY = 2;
				VALIDATE_PRODUCT = YES;
			};
			name = Release;
		};
		662D40D61A8D862600A1CB63 /* Debug */ = {
			isa = XCBuildConfiguration;
			buildSettings = {
				ALWAYS_SEARCH_USER_PATHS = NO;
				CLANG_CXX_LANGUAGE_STANDARD = "gnu++0x";
				CLANG_CXX_LIBRARY = "libc++";
				CLANG_ENABLE_MODULES = YES;
				CLANG_ENABLE_OBJC_ARC = YES;
				CLANG_WARN_BOOL_CONVERSION = YES;
				CLANG_WARN_CONSTANT_CONVERSION = YES;
				CLANG_WARN_DIRECT_OBJC_ISA_USAGE = YES_ERROR;
				CLANG_WARN_EMPTY_BODY = YES;
				CLANG_WARN_ENUM_CONVERSION = YES;
				CLANG_WARN_INT_CONVERSION = YES;
				CLANG_WARN_OBJC_ROOT_CLASS = YES_ERROR;
				CLANG_WARN_UNREACHABLE_CODE = YES;
				CLANG_WARN__DUPLICATE_METHOD_MATCH = YES;
				"CODE_SIGN_IDENTITY[sdk=iphoneos*]" = "iPhone Developer";
				COPY_PHASE_STRIP = NO;
				DEBUG_INFORMATION_FORMAT = dwarf;
				ENABLE_STRICT_OBJC_MSGSEND = YES;
				GCC_C_LANGUAGE_STANDARD = gnu99;
				GCC_DYNAMIC_NO_PIC = NO;
				GCC_OPTIMIZATION_LEVEL = 0;
				GCC_PREPROCESSOR_DEFINITIONS = (
					"DEBUG=1",
					"$(inherited)",
				);
				GCC_SYMBOLS_PRIVATE_EXTERN = NO;
				GCC_WARN_64_TO_32_BIT_CONVERSION = YES;
				GCC_WARN_ABOUT_RETURN_TYPE = YES_ERROR;
				GCC_WARN_UNDECLARED_SELECTOR = YES;
				GCC_WARN_UNINITIALIZED_AUTOS = YES_AGGRESSIVE;
				GCC_WARN_UNUSED_FUNCTION = YES;
				GCC_WARN_UNUSED_VARIABLE = YES;
				INFOPLIST_FILE = ClippingBezierTests/Info.plist;
				IPHONEOS_DEPLOYMENT_TARGET = 8.3;
				LD_RUNPATH_SEARCH_PATHS = "$(inherited) @executable_path/Frameworks @loader_path/Frameworks";
				MTL_ENABLE_DEBUG_INFO = YES;
				ONLY_ACTIVE_ARCH = YES;
				OTHER_LDFLAGS = (
					"-ObjC",
					"-lstdc++",
					"$(inherited)",
					"-framework",
					XCTest,
				);
				PRODUCT_NAME = "$(TARGET_NAME)";
			};
			name = Debug;
		};
		662D40D71A8D862600A1CB63 /* Release */ = {
			isa = XCBuildConfiguration;
			buildSettings = {
				ALWAYS_SEARCH_USER_PATHS = NO;
				CLANG_CXX_LANGUAGE_STANDARD = "gnu++0x";
				CLANG_CXX_LIBRARY = "libc++";
				CLANG_ENABLE_MODULES = YES;
				CLANG_ENABLE_OBJC_ARC = YES;
				CLANG_WARN_BOOL_CONVERSION = YES;
				CLANG_WARN_CONSTANT_CONVERSION = YES;
				CLANG_WARN_DIRECT_OBJC_ISA_USAGE = YES_ERROR;
				CLANG_WARN_EMPTY_BODY = YES;
				CLANG_WARN_ENUM_CONVERSION = YES;
				CLANG_WARN_INT_CONVERSION = YES;
				CLANG_WARN_OBJC_ROOT_CLASS = YES_ERROR;
				CLANG_WARN_UNREACHABLE_CODE = YES;
				CLANG_WARN__DUPLICATE_METHOD_MATCH = YES;
				"CODE_SIGN_IDENTITY[sdk=iphoneos*]" = "iPhone Developer";
				COPY_PHASE_STRIP = NO;
				DEBUG_INFORMATION_FORMAT = "dwarf-with-dsym";
				ENABLE_NS_ASSERTIONS = NO;
				ENABLE_STRICT_OBJC_MSGSEND = YES;
				GCC_C_LANGUAGE_STANDARD = gnu99;
				GCC_WARN_64_TO_32_BIT_CONVERSION = YES;
				GCC_WARN_ABOUT_RETURN_TYPE = YES_ERROR;
				GCC_WARN_UNDECLARED_SELECTOR = YES;
				GCC_WARN_UNINITIALIZED_AUTOS = YES_AGGRESSIVE;
				GCC_WARN_UNUSED_FUNCTION = YES;
				GCC_WARN_UNUSED_VARIABLE = YES;
				INFOPLIST_FILE = ClippingBezierTests/Info.plist;
				IPHONEOS_DEPLOYMENT_TARGET = 8.3;
				LD_RUNPATH_SEARCH_PATHS = "$(inherited) @executable_path/Frameworks @loader_path/Frameworks";
				MTL_ENABLE_DEBUG_INFO = NO;
				OTHER_LDFLAGS = (
					"-ObjC",
					"-lstdc++",
					"$(inherited)",
					"-framework",
					XCTest,
				);
				PRODUCT_NAME = "$(TARGET_NAME)";
				VALIDATE_PRODUCT = YES;
			};
			name = Release;
		};
		6682877D1A893CC70038A1C4 /* Debug */ = {
			isa = XCBuildConfiguration;
			buildSettings = {
				COPY_PHASE_STRIP = NO;
				IPHONEOS_DEPLOYMENT_TARGET = 7.0;
				SDKROOT = iphoneos;
				STRIP_INSTALLED_PRODUCT = NO;
				STRIP_STYLE = "non-global";
			};
			name = Debug;
		};
		6682877E1A893CC70038A1C4 /* Release */ = {
			isa = XCBuildConfiguration;
			buildSettings = {
				COPY_PHASE_STRIP = NO;
				IPHONEOS_DEPLOYMENT_TARGET = 7.0;
				SDKROOT = iphoneos;
				STRIP_INSTALLED_PRODUCT = NO;
				STRIP_STYLE = "non-global";
			};
			name = Release;
		};
		66AFACF51A8DDCA200FD0263 /* Debug */ = {
			isa = XCBuildConfiguration;
			buildSettings = {
				ALWAYS_SEARCH_USER_PATHS = NO;
				CLANG_CXX_LANGUAGE_STANDARD = "gnu++0x";
				CLANG_CXX_LIBRARY = "libc++";
				CLANG_ENABLE_MODULES = YES;
				CLANG_ENABLE_OBJC_ARC = YES;
				CLANG_WARN_BOOL_CONVERSION = YES;
				CLANG_WARN_CONSTANT_CONVERSION = YES;
				CLANG_WARN_DIRECT_OBJC_ISA_USAGE = YES_ERROR;
				CLANG_WARN_EMPTY_BODY = YES;
				CLANG_WARN_ENUM_CONVERSION = YES;
				CLANG_WARN_INT_CONVERSION = YES;
				CLANG_WARN_OBJC_ROOT_CLASS = YES_ERROR;
				CLANG_WARN_UNREACHABLE_CODE = YES;
				CLANG_WARN__DUPLICATE_METHOD_MATCH = YES;
				DYLIB_COMPATIBILITY_VERSION = 1;
				DYLIB_CURRENT_VERSION = 1;
				ENABLE_STRICT_OBJC_MSGSEND = YES;
				FRAMEWORK_VERSION = A;
				GCC_C_LANGUAGE_STANDARD = gnu99;
				GCC_DYNAMIC_NO_PIC = NO;
				GCC_OPTIMIZATION_LEVEL = 0;
				GCC_PREPROCESSOR_DEFINITIONS = (
					"DEBUG=1",
					"$(inherited)",
				);
				GCC_SYMBOLS_PRIVATE_EXTERN = NO;
				GCC_WARN_64_TO_32_BIT_CONVERSION = YES;
				GCC_WARN_ABOUT_RETURN_TYPE = YES_ERROR;
				GCC_WARN_UNDECLARED_SELECTOR = YES;
				GCC_WARN_UNINITIALIZED_AUTOS = YES_AGGRESSIVE;
				GCC_WARN_UNUSED_FUNCTION = YES;
				GCC_WARN_UNUSED_VARIABLE = YES;
				INFOPLIST_FILE = ClippingBezier/Info.plist;
				IPHONEOS_DEPLOYMENT_TARGET = 8.0;
				MTL_ENABLE_DEBUG_INFO = YES;
				ONLY_ACTIVE_PLATFORM = YES;
				OTHER_LDFLAGS = "-ObjC++";
				PRODUCT_NAME = "$(TARGET_NAME)";
				SKIP_INSTALL = YES;
				WRAPPER_EXTENSION = framework;
			};
			name = Debug;
		};
		66AFACF61A8DDCA200FD0263 /* Release */ = {
			isa = XCBuildConfiguration;
			buildSettings = {
				ALWAYS_SEARCH_USER_PATHS = NO;
				CLANG_CXX_LANGUAGE_STANDARD = "gnu++0x";
				CLANG_CXX_LIBRARY = "libc++";
				CLANG_ENABLE_MODULES = YES;
				CLANG_ENABLE_OBJC_ARC = YES;
				CLANG_WARN_BOOL_CONVERSION = YES;
				CLANG_WARN_CONSTANT_CONVERSION = YES;
				CLANG_WARN_DIRECT_OBJC_ISA_USAGE = YES_ERROR;
				CLANG_WARN_EMPTY_BODY = YES;
				CLANG_WARN_ENUM_CONVERSION = YES;
				CLANG_WARN_INT_CONVERSION = YES;
				CLANG_WARN_OBJC_ROOT_CLASS = YES_ERROR;
				CLANG_WARN_UNREACHABLE_CODE = YES;
				CLANG_WARN__DUPLICATE_METHOD_MATCH = YES;
				COPY_PHASE_STRIP = YES;
				DYLIB_COMPATIBILITY_VERSION = 1;
				DYLIB_CURRENT_VERSION = 1;
				ENABLE_NS_ASSERTIONS = NO;
				ENABLE_STRICT_OBJC_MSGSEND = YES;
				FRAMEWORK_VERSION = A;
				GCC_C_LANGUAGE_STANDARD = gnu99;
				GCC_WARN_64_TO_32_BIT_CONVERSION = YES;
				GCC_WARN_ABOUT_RETURN_TYPE = YES_ERROR;
				GCC_WARN_UNDECLARED_SELECTOR = YES;
				GCC_WARN_UNINITIALIZED_AUTOS = YES_AGGRESSIVE;
				GCC_WARN_UNUSED_FUNCTION = YES;
				GCC_WARN_UNUSED_VARIABLE = YES;
				INFOPLIST_FILE = ClippingBezier/Info.plist;
				IPHONEOS_DEPLOYMENT_TARGET = 8.0;
				MTL_ENABLE_DEBUG_INFO = NO;
				ONLY_ACTIVE_PLATFORM = YES;
				OTHER_LDFLAGS = "-ObjC++";
				PRODUCT_NAME = "$(TARGET_NAME)";
				SKIP_INSTALL = YES;
				WRAPPER_EXTENSION = framework;
			};
			name = Release;
		};
/* End XCBuildConfiguration section */

/* Begin XCConfigurationList section */
		6605FA251B1159640092991F /* Build configuration list for PBXNativeTarget "ClippingExampleApp" */ = {
			isa = XCConfigurationList;
			buildConfigurations = (
				6605FA211B1159640092991F /* Debug */,
				6605FA221B1159640092991F /* Release */,
			);
			defaultConfigurationIsVisible = 0;
			defaultConfigurationName = Release;
		};
		662D40D51A8D862600A1CB63 /* Build configuration list for PBXNativeTarget "ClippingBezierTests" */ = {
			isa = XCConfigurationList;
			buildConfigurations = (
				662D40D61A8D862600A1CB63 /* Debug */,
				662D40D71A8D862600A1CB63 /* Release */,
			);
			defaultConfigurationIsVisible = 0;
			defaultConfigurationName = Release;
		};
		6682877C1A893CC70038A1C4 /* Build configuration list for PBXProject "ClippingBezier" */ = {
			isa = XCConfigurationList;
			buildConfigurations = (
				6682877D1A893CC70038A1C4 /* Debug */,
				6682877E1A893CC70038A1C4 /* Release */,
			);
			defaultConfigurationIsVisible = 0;
			defaultConfigurationName = Release;
		};
		66AFACF41A8DDCA200FD0263 /* Build configuration list for PBXNativeTarget "ClippingBezier" */ = {
			isa = XCConfigurationList;
			buildConfigurations = (
				66AFACF51A8DDCA200FD0263 /* Debug */,
				66AFACF61A8DDCA200FD0263 /* Release */,
			);
			defaultConfigurationIsVisible = 0;
			defaultConfigurationName = Release;
		};
/* End XCConfigurationList section */
	};
	rootObject = 668287791A893CC70038A1C4 /* Project object */;
}
